// !$*UTF8*$!
{
	archiveVersion = 1;
	classes = {
	};
	objectVersion = 46;
	objects = {

/* Begin PBXBuildFile section */
		6A2506B71DCD5AF60098FDDB /* RootProtocols.swift in Sources */ = {isa = PBXBuildFile; fileRef = 6A2506B61DCD5AF60098FDDB /* RootProtocols.swift */; };
		6A601C241DCD55E4001B034D /* AppDelegate.swift in Sources */ = {isa = PBXBuildFile; fileRef = 6A601C231DCD55E4001B034D /* AppDelegate.swift */; };
		6A601C2B1DCD55E4001B034D /* Assets.xcassets in Resources */ = {isa = PBXBuildFile; fileRef = 6A601C2A1DCD55E4001B034D /* Assets.xcassets */; };
		6A601C2E1DCD55E4001B034D /* LaunchScreen.storyboard in Resources */ = {isa = PBXBuildFile; fileRef = 6A601C2C1DCD55E4001B034D /* LaunchScreen.storyboard */; };
		6A601C391DCD55E4001B034D /* SwiftVIPERTests.swift in Sources */ = {isa = PBXBuildFile; fileRef = 6A601C381DCD55E4001B034D /* SwiftVIPERTests.swift */; };
		6A601C4C1DCD5882001B034D /* RootInteractor.swift in Sources */ = {isa = PBXBuildFile; fileRef = 6A601C471DCD5882001B034D /* RootInteractor.swift */; };
		6A601C4D1DCD5882001B034D /* RootModule.swift in Sources */ = {isa = PBXBuildFile; fileRef = 6A601C481DCD5882001B034D /* RootModule.swift */; };
		6A601C4E1DCD5882001B034D /* RootPresenter.swift in Sources */ = {isa = PBXBuildFile; fileRef = 6A601C491DCD5882001B034D /* RootPresenter.swift */; };
		6A601C4F1DCD5882001B034D /* RootRouter.swift in Sources */ = {isa = PBXBuildFile; fileRef = 6A601C4A1DCD5882001B034D /* RootRouter.swift */; };
		6A601C501DCD5882001B034D /* RootViewController.swift in Sources */ = {isa = PBXBuildFile; fileRef = 6A601C4B1DCD5882001B034D /* RootViewController.swift */; };
		7AD807ACEDC5A56ACBC1C469 /* Pods_SwiftVIPER.framework in Frameworks */ = {isa = PBXBuildFile; fileRef = 406C3DC4AD58ECE0E28D2AD1 /* Pods_SwiftVIPER.framework */; };
		EFDF5FFDF568D2C975BFB411 /* Pods_SwiftVIPERTests.framework in Frameworks */ = {isa = PBXBuildFile; fileRef = 7ABDED0BF751FA639C3D7000 /* Pods_SwiftVIPERTests.framework */; };
/* End PBXBuildFile section */

/* Begin PBXContainerItemProxy section */
		6A601C351DCD55E4001B034D /* PBXContainerItemProxy */ = {
			isa = PBXContainerItemProxy;
			containerPortal = 6A601C181DCD55E3001B034D /* Project object */;
			proxyType = 1;
			remoteGlobalIDString = 6A601C1F1DCD55E3001B034D;
			remoteInfo = SwiftVIPER;
		};
/* End PBXContainerItemProxy section */

/* Begin PBXFileReference section */
		0CFB5DF6A49C03064FC16FFA /* Pods-SwiftVIPER.debug.xcconfig */ = {isa = PBXFileReference; includeInIndex = 1; lastKnownFileType = text.xcconfig; name = "Pods-SwiftVIPER.debug.xcconfig"; path = "Pods/Target Support Files/Pods-SwiftVIPER/Pods-SwiftVIPER.debug.xcconfig"; sourceTree = "<group>"; };
		406C3DC4AD58ECE0E28D2AD1 /* Pods_SwiftVIPER.framework */ = {isa = PBXFileReference; explicitFileType = wrapper.framework; includeInIndex = 0; path = Pods_SwiftVIPER.framework; sourceTree = BUILT_PRODUCTS_DIR; };
		6A2506B61DCD5AF60098FDDB /* RootProtocols.swift */ = {isa = PBXFileReference; fileEncoding = 4; lastKnownFileType = sourcecode.swift; path = RootProtocols.swift; sourceTree = "<group>"; };
		6A601C201DCD55E4001B034D /* SwiftVIPER.app */ = {isa = PBXFileReference; explicitFileType = wrapper.application; includeInIndex = 0; path = SwiftVIPER.app; sourceTree = BUILT_PRODUCTS_DIR; };
		6A601C231DCD55E4001B034D /* AppDelegate.swift */ = {isa = PBXFileReference; lastKnownFileType = sourcecode.swift; path = AppDelegate.swift; sourceTree = "<group>"; };
		6A601C2A1DCD55E4001B034D /* Assets.xcassets */ = {isa = PBXFileReference; lastKnownFileType = folder.assetcatalog; path = Assets.xcassets; sourceTree = "<group>"; };
		6A601C2D1DCD55E4001B034D /* Base */ = {isa = PBXFileReference; lastKnownFileType = file.storyboard; name = Base; path = Base.lproj/LaunchScreen.storyboard; sourceTree = "<group>"; };
		6A601C2F1DCD55E4001B034D /* Info.plist */ = {isa = PBXFileReference; lastKnownFileType = text.plist.xml; path = Info.plist; sourceTree = "<group>"; };
		6A601C341DCD55E4001B034D /* SwiftVIPERTests.xctest */ = {isa = PBXFileReference; explicitFileType = wrapper.cfbundle; includeInIndex = 0; path = SwiftVIPERTests.xctest; sourceTree = BUILT_PRODUCTS_DIR; };
		6A601C381DCD55E4001B034D /* SwiftVIPERTests.swift */ = {isa = PBXFileReference; lastKnownFileType = sourcecode.swift; path = SwiftVIPERTests.swift; sourceTree = "<group>"; };
		6A601C3A1DCD55E4001B034D /* Info.plist */ = {isa = PBXFileReference; lastKnownFileType = text.plist.xml; path = Info.plist; sourceTree = "<group>"; };
		6A601C471DCD5882001B034D /* RootInteractor.swift */ = {isa = PBXFileReference; fileEncoding = 4; lastKnownFileType = sourcecode.swift; name = RootInteractor.swift; path = Modules/RootInteractor.swift; sourceTree = "<group>"; };
		6A601C481DCD5882001B034D /* RootModule.swift */ = {isa = PBXFileReference; fileEncoding = 4; lastKnownFileType = sourcecode.swift; name = RootModule.swift; path = Modules/RootModule.swift; sourceTree = "<group>"; };
		6A601C491DCD5882001B034D /* RootPresenter.swift */ = {isa = PBXFileReference; fileEncoding = 4; lastKnownFileType = sourcecode.swift; name = RootPresenter.swift; path = Modules/RootPresenter.swift; sourceTree = "<group>"; };
		6A601C4A1DCD5882001B034D /* RootRouter.swift */ = {isa = PBXFileReference; fileEncoding = 4; lastKnownFileType = sourcecode.swift; name = RootRouter.swift; path = Modules/RootRouter.swift; sourceTree = "<group>"; };
		6A601C4B1DCD5882001B034D /* RootViewController.swift */ = {isa = PBXFileReference; fileEncoding = 4; lastKnownFileType = sourcecode.swift; name = RootViewController.swift; path = Modules/RootViewController.swift; sourceTree = "<group>"; };
		7ABDED0BF751FA639C3D7000 /* Pods_SwiftVIPERTests.framework */ = {isa = PBXFileReference; explicitFileType = wrapper.framework; includeInIndex = 0; path = Pods_SwiftVIPERTests.framework; sourceTree = BUILT_PRODUCTS_DIR; };
		CF33F42FBD8FA0F59752719E /* Pods-SwiftVIPER.release.xcconfig */ = {isa = PBXFileReference; includeInIndex = 1; lastKnownFileType = text.xcconfig; name = "Pods-SwiftVIPER.release.xcconfig"; path = "Pods/Target Support Files/Pods-SwiftVIPER/Pods-SwiftVIPER.release.xcconfig"; sourceTree = "<group>"; };
		E7D845C0B636BF5E6A41BFE7 /* Pods-SwiftVIPERTests.release.xcconfig */ = {isa = PBXFileReference; includeInIndex = 1; lastKnownFileType = text.xcconfig; name = "Pods-SwiftVIPERTests.release.xcconfig"; path = "Pods/Target Support Files/Pods-SwiftVIPERTests/Pods-SwiftVIPERTests.release.xcconfig"; sourceTree = "<group>"; };
		F6675B9B523C71E9E775A856 /* Pods-SwiftVIPERTests.debug.xcconfig */ = {isa = PBXFileReference; includeInIndex = 1; lastKnownFileType = text.xcconfig; name = "Pods-SwiftVIPERTests.debug.xcconfig"; path = "Pods/Target Support Files/Pods-SwiftVIPERTests/Pods-SwiftVIPERTests.debug.xcconfig"; sourceTree = "<group>"; };
/* End PBXFileReference section */

/* Begin PBXFrameworksBuildPhase section */
		6A601C1D1DCD55E3001B034D /* Frameworks */ = {
			isa = PBXFrameworksBuildPhase;
			buildActionMask = 2147483647;
			files = (
				7AD807ACEDC5A56ACBC1C469 /* Pods_SwiftVIPER.framework in Frameworks */,
			);
			runOnlyForDeploymentPostprocessing = 0;
		};
		6A601C311DCD55E4001B034D /* Frameworks */ = {
			isa = PBXFrameworksBuildPhase;
			buildActionMask = 2147483647;
			files = (
				EFDF5FFDF568D2C975BFB411 /* Pods_SwiftVIPERTests.framework in Frameworks */,
			);
			runOnlyForDeploymentPostprocessing = 0;
		};
/* End PBXFrameworksBuildPhase section */

/* Begin PBXGroup section */
		27388BC5A5B35C48524B8934 /* Frameworks */ = {
			isa = PBXGroup;
			children = (
				406C3DC4AD58ECE0E28D2AD1 /* Pods_SwiftVIPER.framework */,
				7ABDED0BF751FA639C3D7000 /* Pods_SwiftVIPERTests.framework */,
			);
			name = Frameworks;
			sourceTree = "<group>";
		};
		6A2506B51DCD5AF60098FDDB /* Source */ = {
			isa = PBXGroup;
			children = (
				6A2506B61DCD5AF60098FDDB /* RootProtocols.swift */,
			);
			path = Source;
			sourceTree = SOURCE_ROOT;
		};
		6A601C171DCD55E3001B034D = {
			isa = PBXGroup;
			children = (
				6A601C221DCD55E4001B034D /* SwiftVIPER */,
				6A601C371DCD55E4001B034D /* SwiftVIPERTests */,
				6A601C211DCD55E4001B034D /* Products */,
				8679F52648E07A3D094A202E /* Pods */,
				27388BC5A5B35C48524B8934 /* Frameworks */,
			);
			sourceTree = "<group>";
		};
		6A601C211DCD55E4001B034D /* Products */ = {
			isa = PBXGroup;
			children = (
				6A601C201DCD55E4001B034D /* SwiftVIPER.app */,
				6A601C341DCD55E4001B034D /* SwiftVIPERTests.xctest */,
			);
			name = Products;
			sourceTree = "<group>";
		};
		6A601C221DCD55E4001B034D /* SwiftVIPER */ = {
			isa = PBXGroup;
			children = (
				6A601C231DCD55E4001B034D /* AppDelegate.swift */,
				6A601C451DCD5854001B034D /* Assets */,
				6A601C441DCD5849001B034D /* Modules */,
				6A2506B51DCD5AF60098FDDB /* Source */,
			);
			path = SwiftVIPER;
			sourceTree = "<group>";
		};
		6A601C371DCD55E4001B034D /* SwiftVIPERTests */ = {
			isa = PBXGroup;
			children = (
				6A601C381DCD55E4001B034D /* SwiftVIPERTests.swift */,
				6A601C3A1DCD55E4001B034D /* Info.plist */,
			);
			path = SwiftVIPERTests;
			sourceTree = "<group>";
		};
		6A601C441DCD5849001B034D /* Modules */ = {
			isa = PBXGroup;
			children = (
				6A601C461DCD5871001B034D /* Root */,
			);
			name = Modules;
			sourceTree = "<group>";
		};
		6A601C451DCD5854001B034D /* Assets */ = {
			isa = PBXGroup;
			children = (
				6A601C2A1DCD55E4001B034D /* Assets.xcassets */,
				6A601C2C1DCD55E4001B034D /* LaunchScreen.storyboard */,
				6A601C2F1DCD55E4001B034D /* Info.plist */,
			);
			name = Assets;
			sourceTree = "<group>";
		};
		6A601C461DCD5871001B034D /* Root */ = {
			isa = PBXGroup;
			children = (
				6A601C471DCD5882001B034D /* RootInteractor.swift */,
				6A601C481DCD5882001B034D /* RootModule.swift */,
				6A601C491DCD5882001B034D /* RootPresenter.swift */,
				6A601C4A1DCD5882001B034D /* RootRouter.swift */,
				6A601C4B1DCD5882001B034D /* RootViewController.swift */,
			);
			name = Root;
			sourceTree = "<group>";
		};
		8679F52648E07A3D094A202E /* Pods */ = {
			isa = PBXGroup;
			children = (
				0CFB5DF6A49C03064FC16FFA /* Pods-SwiftVIPER.debug.xcconfig */,
				CF33F42FBD8FA0F59752719E /* Pods-SwiftVIPER.release.xcconfig */,
				F6675B9B523C71E9E775A856 /* Pods-SwiftVIPERTests.debug.xcconfig */,
				E7D845C0B636BF5E6A41BFE7 /* Pods-SwiftVIPERTests.release.xcconfig */,
			);
			name = Pods;
			sourceTree = "<group>";
		};
/* End PBXGroup section */

/* Begin PBXNativeTarget section */
		6A601C1F1DCD55E3001B034D /* SwiftVIPER */ = {
			isa = PBXNativeTarget;
			buildConfigurationList = 6A601C3D1DCD55E4001B034D /* Build configuration list for PBXNativeTarget "SwiftVIPER" */;
			buildPhases = (
				728B0F9E5A5A231244E3986A /* [CP] Check Pods Manifest.lock */,
				6A601C1C1DCD55E3001B034D /* Sources */,
				6A601C1D1DCD55E3001B034D /* Frameworks */,
				6A601C1E1DCD55E3001B034D /* Resources */,
				93385EB3CB6C3C61272EBF6A /* [CP] Embed Pods Frameworks */,
				487848163F6628F117617A22 /* [CP] Copy Pods Resources */,
			);
			buildRules = (
			);
			dependencies = (
			);
			name = SwiftVIPER;
			productName = SwiftVIPER;
			productReference = 6A601C201DCD55E4001B034D /* SwiftVIPER.app */;
			productType = "com.apple.product-type.application";
		};
		6A601C331DCD55E4001B034D /* SwiftVIPERTests */ = {
			isa = PBXNativeTarget;
			buildConfigurationList = 6A601C401DCD55E4001B034D /* Build configuration list for PBXNativeTarget "SwiftVIPERTests" */;
			buildPhases = (
				472DF61D43C64D0BC973EB24 /* [CP] Check Pods Manifest.lock */,
				6A601C301DCD55E4001B034D /* Sources */,
				6A601C311DCD55E4001B034D /* Frameworks */,
				6A601C321DCD55E4001B034D /* Resources */,
				B13162C83D2ADE594E991C4C /* [CP] Embed Pods Frameworks */,
				1C855BFA8FF76A482E7B64A6 /* [CP] Copy Pods Resources */,
			);
			buildRules = (
			);
			dependencies = (
				6A601C361DCD55E4001B034D /* PBXTargetDependency */,
			);
			name = SwiftVIPERTests;
			productName = SwiftVIPERTests;
			productReference = 6A601C341DCD55E4001B034D /* SwiftVIPERTests.xctest */;
			productType = "com.apple.product-type.bundle.unit-test";
		};
/* End PBXNativeTarget section */

/* Begin PBXProject section */
		6A601C181DCD55E3001B034D /* Project object */ = {
			isa = PBXProject;
			attributes = {
				LastSwiftUpdateCheck = 0810;
				LastUpgradeCheck = 0810;
				ORGANIZATIONNAME = codeRed;
				TargetAttributes = {
					6A601C1F1DCD55E3001B034D = {
						CreatedOnToolsVersion = 8.1;
						DevelopmentTeam = FUC97LYJ62;
						ProvisioningStyle = Automatic;
					};
					6A601C331DCD55E4001B034D = {
						CreatedOnToolsVersion = 8.1;
						DevelopmentTeam = FUC97LYJ62;
						ProvisioningStyle = Automatic;
						TestTargetID = 6A601C1F1DCD55E3001B034D;
					};
				};
			};
			buildConfigurationList = 6A601C1B1DCD55E3001B034D /* Build configuration list for PBXProject "SwiftVIPER" */;
			compatibilityVersion = "Xcode 3.2";
			developmentRegion = English;
			hasScannedForEncodings = 0;
			knownRegions = (
				en,
				Base,
			);
			mainGroup = 6A601C171DCD55E3001B034D;
			productRefGroup = 6A601C211DCD55E4001B034D /* Products */;
			projectDirPath = "";
			projectRoot = "";
			targets = (
				6A601C1F1DCD55E3001B034D /* SwiftVIPER */,
				6A601C331DCD55E4001B034D /* SwiftVIPERTests */,
			);
		};
/* End PBXProject section */

/* Begin PBXResourcesBuildPhase section */
		6A601C1E1DCD55E3001B034D /* Resources */ = {
			isa = PBXResourcesBuildPhase;
			buildActionMask = 2147483647;
			files = (
				6A601C2E1DCD55E4001B034D /* LaunchScreen.storyboard in Resources */,
				6A601C2B1DCD55E4001B034D /* Assets.xcassets in Resources */,
			);
			runOnlyForDeploymentPostprocessing = 0;
		};
		6A601C321DCD55E4001B034D /* Resources */ = {
			isa = PBXResourcesBuildPhase;
			buildActionMask = 2147483647;
			files = (
			);
			runOnlyForDeploymentPostprocessing = 0;
		};
/* End PBXResourcesBuildPhase section */

/* Begin PBXShellScriptBuildPhase section */
		1C855BFA8FF76A482E7B64A6 /* [CP] Copy Pods Resources */ = {
			isa = PBXShellScriptBuildPhase;
			buildActionMask = 2147483647;
			files = (
			);
			inputPaths = (
			);
			name = "[CP] Copy Pods Resources";
			outputPaths = (
			);
			runOnlyForDeploymentPostprocessing = 0;
			shellPath = /bin/sh;
			shellScript = "\"${SRCROOT}/Pods/Target Support Files/Pods-SwiftVIPERTests/Pods-SwiftVIPERTests-resources.sh\"\n";
			showEnvVarsInLog = 0;
		};
		472DF61D43C64D0BC973EB24 /* [CP] Check Pods Manifest.lock */ = {
			isa = PBXShellScriptBuildPhase;
			buildActionMask = 2147483647;
			files = (
			);
			inputPaths = (
			);
			name = "[CP] Check Pods Manifest.lock";
			outputPaths = (
			);
			runOnlyForDeploymentPostprocessing = 0;
			shellPath = /bin/sh;
			shellScript = "diff \"${PODS_ROOT}/../Podfile.lock\" \"${PODS_ROOT}/Manifest.lock\" > /dev/null\nif [ $? != 0 ] ; then\n    # print error to STDERR\n    echo \"error: The sandbox is not in sync with the Podfile.lock. Run 'pod install' or update your CocoaPods installation.\" >&2\n    exit 1\nfi\n";
			showEnvVarsInLog = 0;
		};
		487848163F6628F117617A22 /* [CP] Copy Pods Resources */ = {
			isa = PBXShellScriptBuildPhase;
			buildActionMask = 2147483647;
			files = (
			);
			inputPaths = (
			);
			name = "[CP] Copy Pods Resources";
			outputPaths = (
			);
			runOnlyForDeploymentPostprocessing = 0;
			shellPath = /bin/sh;
			shellScript = "\"${SRCROOT}/Pods/Target Support Files/Pods-SwiftVIPER/Pods-SwiftVIPER-resources.sh\"\n";
			showEnvVarsInLog = 0;
		};
		728B0F9E5A5A231244E3986A /* [CP] Check Pods Manifest.lock */ = {
			isa = PBXShellScriptBuildPhase;
			buildActionMask = 2147483647;
			files = (
			);
			inputPaths = (
			);
			name = "[CP] Check Pods Manifest.lock";
			outputPaths = (
			);
			runOnlyForDeploymentPostprocessing = 0;
			shellPath = /bin/sh;
			shellScript = "diff \"${PODS_ROOT}/../Podfile.lock\" \"${PODS_ROOT}/Manifest.lock\" > /dev/null\nif [ $? != 0 ] ; then\n    # print error to STDERR\n    echo \"error: The sandbox is not in sync with the Podfile.lock. Run 'pod install' or update your CocoaPods installation.\" >&2\n    exit 1\nfi\n";
			showEnvVarsInLog = 0;
		};
		93385EB3CB6C3C61272EBF6A /* [CP] Embed Pods Frameworks */ = {
			isa = PBXShellScriptBuildPhase;
			buildActionMask = 2147483647;
			files = (
			);
			inputPaths = (
			);
			name = "[CP] Embed Pods Frameworks";
			outputPaths = (
			);
			runOnlyForDeploymentPostprocessing = 0;
			shellPath = /bin/sh;
			shellScript = "\"${SRCROOT}/Pods/Target Support Files/Pods-SwiftVIPER/Pods-SwiftVIPER-frameworks.sh\"\n";
			showEnvVarsInLog = 0;
		};
		B13162C83D2ADE594E991C4C /* [CP] Embed Pods Frameworks */ = {
			isa = PBXShellScriptBuildPhase;
			buildActionMask = 2147483647;
			files = (
			);
			inputPaths = (
			);
			name = "[CP] Embed Pods Frameworks";
			outputPaths = (
			);
			runOnlyForDeploymentPostprocessing = 0;
			shellPath = /bin/sh;
			shellScript = "\"${SRCROOT}/Pods/Target Support Files/Pods-SwiftVIPERTests/Pods-SwiftVIPERTests-frameworks.sh\"\n";
			showEnvVarsInLog = 0;
		};
/* End PBXShellScriptBuildPhase section */

/* Begin PBXSourcesBuildPhase section */
		6A601C1C1DCD55E3001B034D /* Sources */ = {
			isa = PBXSourcesBuildPhase;
			buildActionMask = 2147483647;
			files = (
				6A601C4E1DCD5882001B034D /* RootPresenter.swift in Sources */,
				6A601C4C1DCD5882001B034D /* RootInteractor.swift in Sources */,
				6A601C4D1DCD5882001B034D /* RootModule.swift in Sources */,
				6A2506B71DCD5AF60098FDDB /* RootProtocols.swift in Sources */,
				6A601C501DCD5882001B034D /* RootViewController.swift in Sources */,
				6A601C4F1DCD5882001B034D /* RootRouter.swift in Sources */,
				6A601C241DCD55E4001B034D /* AppDelegate.swift in Sources */,
			);
			runOnlyForDeploymentPostprocessing = 0;
		};
		6A601C301DCD55E4001B034D /* Sources */ = {
			isa = PBXSourcesBuildPhase;
			buildActionMask = 2147483647;
			files = (
				6A601C391DCD55E4001B034D /* SwiftVIPERTests.swift in Sources */,
			);
			runOnlyForDeploymentPostprocessing = 0;
		};
/* End PBXSourcesBuildPhase section */

/* Begin PBXTargetDependency section */
		6A601C361DCD55E4001B034D /* PBXTargetDependency */ = {
			isa = PBXTargetDependency;
			target = 6A601C1F1DCD55E3001B034D /* SwiftVIPER */;
			targetProxy = 6A601C351DCD55E4001B034D /* PBXContainerItemProxy */;
		};
/* End PBXTargetDependency section */

/* Begin PBXVariantGroup section */
		6A601C2C1DCD55E4001B034D /* LaunchScreen.storyboard */ = {
			isa = PBXVariantGroup;
			children = (
				6A601C2D1DCD55E4001B034D /* Base */,
			);
			name = LaunchScreen.storyboard;
			sourceTree = "<group>";
		};
/* End PBXVariantGroup section */

/* Begin XCBuildConfiguration section */
		6A601C3B1DCD55E4001B034D /* Debug */ = {
			isa = XCBuildConfiguration;
			buildSettings = {
				ALWAYS_SEARCH_USER_PATHS = NO;
				CLANG_ANALYZER_NONNULL = YES;
				CLANG_CXX_LANGUAGE_STANDARD = "gnu++0x";
				CLANG_CXX_LIBRARY = "libc++";
				CLANG_ENABLE_MODULES = YES;
				CLANG_ENABLE_OBJC_ARC = YES;
				CLANG_WARN_BOOL_CONVERSION = YES;
				CLANG_WARN_CONSTANT_CONVERSION = YES;
				CLANG_WARN_DIRECT_OBJC_ISA_USAGE = YES_ERROR;
				CLANG_WARN_DOCUMENTATION_COMMENTS = YES;
				CLANG_WARN_EMPTY_BODY = YES;
				CLANG_WARN_ENUM_CONVERSION = YES;
				CLANG_WARN_INFINITE_RECURSION = YES;
				CLANG_WARN_INT_CONVERSION = YES;
				CLANG_WARN_OBJC_ROOT_CLASS = YES_ERROR;
				CLANG_WARN_SUSPICIOUS_MOVE = YES;
				CLANG_WARN_SUSPICIOUS_MOVES = YES;
				CLANG_WARN_UNREACHABLE_CODE = YES;
				CLANG_WARN__DUPLICATE_METHOD_MATCH = YES;
				"CODE_SIGN_IDENTITY[sdk=iphoneos*]" = "iPhone Developer";
				COPY_PHASE_STRIP = NO;
				DEBUG_INFORMATION_FORMAT = dwarf;
				ENABLE_STRICT_OBJC_MSGSEND = YES;
				ENABLE_TESTABILITY = YES;
				GCC_C_LANGUAGE_STANDARD = gnu99;
				GCC_DYNAMIC_NO_PIC = NO;
				GCC_NO_COMMON_BLOCKS = YES;
				GCC_OPTIMIZATION_LEVEL = 0;
				GCC_PREPROCESSOR_DEFINITIONS = (
					"DEBUG=1",
					"$(inherited)",
				);
				GCC_WARN_64_TO_32_BIT_CONVERSION = YES;
				GCC_WARN_ABOUT_RETURN_TYPE = YES_ERROR;
				GCC_WARN_UNDECLARED_SELECTOR = YES;
				GCC_WARN_UNINITIALIZED_AUTOS = YES_AGGRESSIVE;
				GCC_WARN_UNUSED_FUNCTION = YES;
				GCC_WARN_UNUSED_VARIABLE = YES;
				IPHONEOS_DEPLOYMENT_TARGET = 10.1;
				MTL_ENABLE_DEBUG_INFO = YES;
				ONLY_ACTIVE_ARCH = YES;
				SDKROOT = iphoneos;
				SWIFT_ACTIVE_COMPILATION_CONDITIONS = DEBUG;
				SWIFT_OPTIMIZATION_LEVEL = "-Onone";
			};
			name = Debug;
		};
		6A601C3C1DCD55E4001B034D /* Release */ = {
			isa = XCBuildConfiguration;
			buildSettings = {
				ALWAYS_SEARCH_USER_PATHS = NO;
				CLANG_ANALYZER_NONNULL = YES;
				CLANG_CXX_LANGUAGE_STANDARD = "gnu++0x";
				CLANG_CXX_LIBRARY = "libc++";
				CLANG_ENABLE_MODULES = YES;
				CLANG_ENABLE_OBJC_ARC = YES;
				CLANG_WARN_BOOL_CONVERSION = YES;
				CLANG_WARN_CONSTANT_CONVERSION = YES;
				CLANG_WARN_DIRECT_OBJC_ISA_USAGE = YES_ERROR;
				CLANG_WARN_DOCUMENTATION_COMMENTS = YES;
				CLANG_WARN_EMPTY_BODY = YES;
				CLANG_WARN_ENUM_CONVERSION = YES;
				CLANG_WARN_INFINITE_RECURSION = YES;
				CLANG_WARN_INT_CONVERSION = YES;
				CLANG_WARN_OBJC_ROOT_CLASS = YES_ERROR;
				CLANG_WARN_SUSPICIOUS_MOVE = YES;
				CLANG_WARN_SUSPICIOUS_MOVES = YES;
				CLANG_WARN_UNREACHABLE_CODE = YES;
				CLANG_WARN__DUPLICATE_METHOD_MATCH = YES;
				"CODE_SIGN_IDENTITY[sdk=iphoneos*]" = "iPhone Developer";
				COPY_PHASE_STRIP = NO;
				DEBUG_INFORMATION_FORMAT = "dwarf-with-dsym";
				ENABLE_NS_ASSERTIONS = NO;
				ENABLE_STRICT_OBJC_MSGSEND = YES;
				GCC_C_LANGUAGE_STANDARD = gnu99;
				GCC_NO_COMMON_BLOCKS = YES;
				GCC_WARN_64_TO_32_BIT_CONVERSION = YES;
				GCC_WARN_ABOUT_RETURN_TYPE = YES_ERROR;
				GCC_WARN_UNDECLARED_SELECTOR = YES;
				GCC_WARN_UNINITIALIZED_AUTOS = YES_AGGRESSIVE;
				GCC_WARN_UNUSED_FUNCTION = YES;
				GCC_WARN_UNUSED_VARIABLE = YES;
				IPHONEOS_DEPLOYMENT_TARGET = 10.1;
				MTL_ENABLE_DEBUG_INFO = NO;
				SDKROOT = iphoneos;
				SWIFT_OPTIMIZATION_LEVEL = "-Owholemodule";
				VALIDATE_PRODUCT = YES;
			};
			name = Release;
		};
		6A601C3E1DCD55E4001B034D /* Debug */ = {
			isa = XCBuildConfiguration;
			baseConfigurationReference = 0CFB5DF6A49C03064FC16FFA /* Pods-SwiftVIPER.debug.xcconfig */;
			buildSettings = {
				ALWAYS_EMBED_SWIFT_STANDARD_LIBRARIES = YES;
				ASSETCATALOG_COMPILER_APPICON_NAME = AppIcon;
				DEVELOPMENT_TEAM = FUC97LYJ62;
				INFOPLIST_FILE = SwiftVIPER/Info.plist;
				LD_RUNPATH_SEARCH_PATHS = "$(inherited) @executable_path/Frameworks";
				PRODUCT_BUNDLE_IDENTIFIER = com.codeRed.SwiftVIPER;
				PRODUCT_NAME = "$(TARGET_NAME)";
				SWIFT_VERSION = 3.0;
			};
			name = Debug;
		};
		6A601C3F1DCD55E4001B034D /* Release */ = {
			isa = XCBuildConfiguration;
			baseConfigurationReference = CF33F42FBD8FA0F59752719E /* Pods-SwiftVIPER.release.xcconfig */;
			buildSettings = {
				ALWAYS_EMBED_SWIFT_STANDARD_LIBRARIES = YES;
				ASSETCATALOG_COMPILER_APPICON_NAME = AppIcon;
				DEVELOPMENT_TEAM = FUC97LYJ62;
				INFOPLIST_FILE = SwiftVIPER/Info.plist;
				LD_RUNPATH_SEARCH_PATHS = "$(inherited) @executable_path/Frameworks";
				PRODUCT_BUNDLE_IDENTIFIER = com.codeRed.SwiftVIPER;
				PRODUCT_NAME = "$(TARGET_NAME)";
				SWIFT_VERSION = 3.0;
			};
			name = Release;
		};
		6A601C411DCD55E4001B034D /* Debug */ = {
			isa = XCBuildConfiguration;
			baseConfigurationReference = F6675B9B523C71E9E775A856 /* Pods-SwiftVIPERTests.debug.xcconfig */;
			buildSettings = {
				ALWAYS_EMBED_SWIFT_STANDARD_LIBRARIES = YES;
				BUNDLE_LOADER = "$(TEST_HOST)";
				DEVELOPMENT_TEAM = FUC97LYJ62;
				INFOPLIST_FILE = SwiftVIPERTests/Info.plist;
				LD_RUNPATH_SEARCH_PATHS = "$(inherited) @executable_path/Frameworks @loader_path/Frameworks";
				PRODUCT_BUNDLE_IDENTIFIER = com.codeRed.SwiftVIPERTests;
				PRODUCT_NAME = "$(TARGET_NAME)";
				SWIFT_VERSION = 3.0;
				TEST_HOST = "$(BUILT_PRODUCTS_DIR)/SwiftVIPER.app/SwiftVIPER";
			};
			name = Debug;
		};
		6A601C421DCD55E4001B034D /* Release */ = {
			isa = XCBuildConfiguration;
			baseConfigurationReference = E7D845C0B636BF5E6A41BFE7 /* Pods-SwiftVIPERTests.release.xcconfig */;
			buildSettings = {
				ALWAYS_EMBED_SWIFT_STANDARD_LIBRARIES = YES;
				BUNDLE_LOADER = "$(TEST_HOST)";
				DEVELOPMENT_TEAM = FUC97LYJ62;
				INFOPLIST_FILE = SwiftVIPERTests/Info.plist;
				LD_RUNPATH_SEARCH_PATHS = "$(inherited) @executable_path/Frameworks @loader_path/Frameworks";
				PRODUCT_BUNDLE_IDENTIFIER = com.codeRed.SwiftVIPERTests;
				PRODUCT_NAME = "$(TARGET_NAME)";
				SWIFT_VERSION = 3.0;
				TEST_HOST = "$(BUILT_PRODUCTS_DIR)/SwiftVIPER.app/SwiftVIPER";
			};
			name = Release;
		};
/* End XCBuildConfiguration section */

/* Begin XCConfigurationList section */
		6A601C1B1DCD55E3001B034D /* Build configuration list for PBXProject "SwiftVIPER" */ = {
			isa = XCConfigurationList;
			buildConfigurations = (
				6A601C3B1DCD55E4001B034D /* Debug */,
				6A601C3C1DCD55E4001B034D /* Release */,
			);
			defaultConfigurationIsVisible = 0;
			defaultConfigurationName = Release;
		};
		6A601C3D1DCD55E4001B034D /* Build configuration list for PBXNativeTarget "SwiftVIPER" */ = {
			isa = XCConfigurationList;
			buildConfigurations = (
				6A601C3E1DCD55E4001B034D /* Debug */,
				6A601C3F1DCD55E4001B034D /* Release */,
			);
			defaultConfigurationIsVisible = 0;
			defaultConfigurationName = Release;
		};
		6A601C401DCD55E4001B034D /* Build configuration list for PBXNativeTarget "SwiftVIPERTests" */ = {
			isa = XCConfigurationList;
			buildConfigurations = (
				6A601C411DCD55E4001B034D /* Debug */,
				6A601C421DCD55E4001B034D /* Release */,
			);
			defaultConfigurationIsVisible = 0;
			defaultConfigurationName = Release;
		};
/* End XCConfigurationList section */
	};
	rootObject = 6A601C181DCD55E3001B034D /* Project object */;
}
