PODS:
  - SnapKit (3.0.2)
  - SwiftyVIPER (1.2.0)

DEPENDENCIES:
  - SnapKit (~> 3.0)
  - SwiftyVIPER (from `../`)

EXTERNAL SOURCES:
  SwiftyVIPER:
    :path: "../"

SPEC CHECKSUMS:
  SnapKit: 2e456761aa92d4d4067a7a5594c18769d451a8ad
  SwiftyVIPER: 81439f158bb55a6dffd40ab7a672f9702dee93c8

PODFILE CHECKSUM: 1e6ac5a0d3ab338684887ec4fba43c754891f56c

COCOAPODS: 1.1.1
