PODS:
  - SnapKit (3.0.2)
  - SwiftyVIPER (0.2)

DEPENDENCIES:
  - SnapKit (~> 3.0)
  - SwiftyVIPER (from `../`)

EXTERNAL SOURCES:
  SwiftyVIPER:
    :path: "../"

SPEC CHECKSUMS:
  SnapKit: 2e456761aa92d4d4067a7a5594c18769d451a8ad
  SwiftyVIPER: 45b105d42333401f9865e725ee6c4bd9164d3c00

PODFILE CHECKSUM: dfa34085df0d39bd9a335195ab58e3dd440edb9e

COCOAPODS: 1.1.1
