// !$*UTF8*$!
{
	archiveVersion = 1;
	classes = {
	};
	objectVersion = 46;
	objects = {

/* Begin PBXBuildFile section */
		51E92D3E993B4BA76E5C7B18 /* Pods_SwiftyVIPERExample.framework in Frameworks */ = {isa = PBXBuildFile; fileRef = 9B74346C9D995D2C40047586 /* Pods_SwiftyVIPERExample.framework */; };
		6A0E81121DD13FAE006B1A61 /* AppDelegate.swift in Sources */ = {isa = PBXBuildFile; fileRef = 6A0E81111DD13FAE006B1A61 /* AppDelegate.swift */; };
		6A0E81191DD13FAE006B1A61 /* Assets.xcassets in Resources */ = {isa = PBXBuildFile; fileRef = 6A0E81181DD13FAE006B1A61 /* Assets.xcassets */; };
		6A0E81321DD1400D006B1A61 /* LaunchScreen.storyboard in Resources */ = {isa = PBXBuildFile; fileRef = 6A0E81311DD1400D006B1A61 /* LaunchScreen.storyboard */; };
		6A0E81431DD14048006B1A61 /* RootInteractor.swift in Sources */ = {isa = PBXBuildFile; fileRef = 6A0E81391DD14048006B1A61 /* RootInteractor.swift */; };
		6A0E81441DD14048006B1A61 /* RootModule.swift in Sources */ = {isa = PBXBuildFile; fileRef = 6A0E813A1DD14048006B1A61 /* RootModule.swift */; };
		6A0E81451DD14048006B1A61 /* RootPresenter.swift in Sources */ = {isa = PBXBuildFile; fileRef = 6A0E813B1DD14048006B1A61 /* RootPresenter.swift */; };
		6A0E81461DD14048006B1A61 /* RootRouter.swift in Sources */ = {isa = PBXBuildFile; fileRef = 6A0E813C1DD14048006B1A61 /* RootRouter.swift */; };
		6A0E81471DD14048006B1A61 /* RootViewController.swift in Sources */ = {isa = PBXBuildFile; fileRef = 6A0E813D1DD14048006B1A61 /* RootViewController.swift */; };
		6A24A9E21DD3D8E40092B050 /* DetailInteractor.swift in Sources */ = {isa = PBXBuildFile; fileRef = 6A24A9DD1DD3D8E40092B050 /* DetailInteractor.swift */; };
		6A24A9E31DD3D8E40092B050 /* DetailModule.swift in Sources */ = {isa = PBXBuildFile; fileRef = 6A24A9DE1DD3D8E40092B050 /* DetailModule.swift */; };
		6A24A9E41DD3D8E40092B050 /* DetailPresenter.swift in Sources */ = {isa = PBXBuildFile; fileRef = 6A24A9DF1DD3D8E40092B050 /* DetailPresenter.swift */; };
		6A24A9E51DD3D8E40092B050 /* DetailRouter.swift in Sources */ = {isa = PBXBuildFile; fileRef = 6A24A9E01DD3D8E40092B050 /* DetailRouter.swift */; };
		6A24A9E61DD3D8E40092B050 /* DetailViewController.swift in Sources */ = {isa = PBXBuildFile; fileRef = 6A24A9E11DD3D8E40092B050 /* DetailViewController.swift */; };
		6A24A9E81DD3D9310092B050 /* Main.storyboard in Resources */ = {isa = PBXBuildFile; fileRef = 6A24A9E71DD3D9310092B050 /* Main.storyboard */; };
		6A24A9EF1DD3E23E0092B050 /* DetailInteractorTests.swift in Sources */ = {isa = PBXBuildFile; fileRef = 6A24A9EA1DD3E23E0092B050 /* DetailInteractorTests.swift */; };
		6A24A9F01DD3E23E0092B050 /* DetailModuleTests.swift in Sources */ = {isa = PBXBuildFile; fileRef = 6A24A9EB1DD3E23E0092B050 /* DetailModuleTests.swift */; };
		6A24A9F11DD3E23E0092B050 /* DetailPresenterTests.swift in Sources */ = {isa = PBXBuildFile; fileRef = 6A24A9EC1DD3E23E0092B050 /* DetailPresenterTests.swift */; };
		6A24A9F21DD3E23E0092B050 /* DetailRouterTests.swift in Sources */ = {isa = PBXBuildFile; fileRef = 6A24A9ED1DD3E23E0092B050 /* DetailRouterTests.swift */; };
		6A24A9F31DD3E23E0092B050 /* DetailViewTests.swift in Sources */ = {isa = PBXBuildFile; fileRef = 6A24A9EE1DD3E23E0092B050 /* DetailViewTests.swift */; };
		6A24A9FB1DD3E84C0092B050 /* RootInteractorTests.swift in Sources */ = {isa = PBXBuildFile; fileRef = 6A24A9F51DD3E84C0092B050 /* RootInteractorTests.swift */; };
		6A24A9FC1DD3E84C0092B050 /* RootModuleTests.swift in Sources */ = {isa = PBXBuildFile; fileRef = 6A24A9F61DD3E84C0092B050 /* RootModuleTests.swift */; };
		6A24A9FD1DD3E84C0092B050 /* RootPresenterTests.swift in Sources */ = {isa = PBXBuildFile; fileRef = 6A24A9F71DD3E84C0092B050 /* RootPresenterTests.swift */; };
		6A24A9FE1DD3E84C0092B050 /* RootRouterTests.swift in Sources */ = {isa = PBXBuildFile; fileRef = 6A24A9F81DD3E84C0092B050 /* RootRouterTests.swift */; };
		6A24AA001DD3E84C0092B050 /* RootViewTests.swift in Sources */ = {isa = PBXBuildFile; fileRef = 6A24A9FA1DD3E84C0092B050 /* RootViewTests.swift */; };
		72DCFF4D795D983E7C286884 /* Pods_SwiftyVIPERExampleTests.framework in Frameworks */ = {isa = PBXBuildFile; fileRef = 89449D402B006941B3E7BCDE /* Pods_SwiftyVIPERExampleTests.framework */; };
/* End PBXBuildFile section */

/* Begin PBXContainerItemProxy section */
		6A0E81231DD13FAE006B1A61 /* PBXContainerItemProxy */ = {
			isa = PBXContainerItemProxy;
			containerPortal = 6A0E81061DD13FAE006B1A61 /* Project object */;
			proxyType = 1;
			remoteGlobalIDString = 6A0E810D1DD13FAE006B1A61;
			remoteInfo = SwiftyVIPERExample;
		};
/* End PBXContainerItemProxy section */

/* Begin PBXFileReference section */
		6A0E810E1DD13FAE006B1A61 /* SwiftyVIPERExample.app */ = {isa = PBXFileReference; explicitFileType = wrapper.application; includeInIndex = 0; path = SwiftyVIPERExample.app; sourceTree = BUILT_PRODUCTS_DIR; };
		6A0E81111DD13FAE006B1A61 /* AppDelegate.swift */ = {isa = PBXFileReference; lastKnownFileType = sourcecode.swift; path = AppDelegate.swift; sourceTree = "<group>"; };
		6A0E81181DD13FAE006B1A61 /* Assets.xcassets */ = {isa = PBXFileReference; lastKnownFileType = folder.assetcatalog; path = Assets.xcassets; sourceTree = "<group>"; };
		6A0E811D1DD13FAE006B1A61 /* Info.plist */ = {isa = PBXFileReference; lastKnownFileType = text.plist.xml; path = Info.plist; sourceTree = "<group>"; };
		6A0E81221DD13FAE006B1A61 /* SwiftyVIPERExampleTests.xctest */ = {isa = PBXFileReference; explicitFileType = wrapper.cfbundle; includeInIndex = 0; path = SwiftyVIPERExampleTests.xctest; sourceTree = BUILT_PRODUCTS_DIR; };
		6A0E81281DD13FAE006B1A61 /* Info.plist */ = {isa = PBXFileReference; lastKnownFileType = text.plist.xml; path = Info.plist; sourceTree = "<group>"; };
		6A0E81311DD1400D006B1A61 /* LaunchScreen.storyboard */ = {isa = PBXFileReference; fileEncoding = 4; lastKnownFileType = file.storyboard; path = LaunchScreen.storyboard; sourceTree = "<group>"; };
		6A0E81391DD14048006B1A61 /* RootInteractor.swift */ = {isa = PBXFileReference; fileEncoding = 4; lastKnownFileType = sourcecode.swift; path = RootInteractor.swift; sourceTree = "<group>"; };
		6A0E813A1DD14048006B1A61 /* RootModule.swift */ = {isa = PBXFileReference; fileEncoding = 4; lastKnownFileType = sourcecode.swift; path = RootModule.swift; sourceTree = "<group>"; };
		6A0E813B1DD14048006B1A61 /* RootPresenter.swift */ = {isa = PBXFileReference; fileEncoding = 4; lastKnownFileType = sourcecode.swift; path = RootPresenter.swift; sourceTree = "<group>"; };
		6A0E813C1DD14048006B1A61 /* RootRouter.swift */ = {isa = PBXFileReference; fileEncoding = 4; lastKnownFileType = sourcecode.swift; path = RootRouter.swift; sourceTree = "<group>"; };
		6A0E813D1DD14048006B1A61 /* RootViewController.swift */ = {isa = PBXFileReference; fileEncoding = 4; lastKnownFileType = sourcecode.swift; path = RootViewController.swift; sourceTree = "<group>"; };
		6A24A9DD1DD3D8E40092B050 /* DetailInteractor.swift */ = {isa = PBXFileReference; fileEncoding = 4; lastKnownFileType = sourcecode.swift; path = DetailInteractor.swift; sourceTree = "<group>"; };
		6A24A9DE1DD3D8E40092B050 /* DetailModule.swift */ = {isa = PBXFileReference; fileEncoding = 4; lastKnownFileType = sourcecode.swift; path = DetailModule.swift; sourceTree = "<group>"; };
		6A24A9DF1DD3D8E40092B050 /* DetailPresenter.swift */ = {isa = PBXFileReference; fileEncoding = 4; lastKnownFileType = sourcecode.swift; path = DetailPresenter.swift; sourceTree = "<group>"; };
		6A24A9E01DD3D8E40092B050 /* DetailRouter.swift */ = {isa = PBXFileReference; fileEncoding = 4; lastKnownFileType = sourcecode.swift; path = DetailRouter.swift; sourceTree = "<group>"; };
		6A24A9E11DD3D8E40092B050 /* DetailViewController.swift */ = {isa = PBXFileReference; fileEncoding = 4; lastKnownFileType = sourcecode.swift; path = DetailViewController.swift; sourceTree = "<group>"; };
		6A24A9E71DD3D9310092B050 /* Main.storyboard */ = {isa = PBXFileReference; fileEncoding = 4; lastKnownFileType = file.storyboard; path = Main.storyboard; sourceTree = "<group>"; };
		6A24A9EA1DD3E23E0092B050 /* DetailInteractorTests.swift */ = {isa = PBXFileReference; fileEncoding = 4; lastKnownFileType = sourcecode.swift; path = DetailInteractorTests.swift; sourceTree = "<group>"; };
		6A24A9EB1DD3E23E0092B050 /* DetailModuleTests.swift */ = {isa = PBXFileReference; fileEncoding = 4; lastKnownFileType = sourcecode.swift; path = DetailModuleTests.swift; sourceTree = "<group>"; };
		6A24A9EC1DD3E23E0092B050 /* DetailPresenterTests.swift */ = {isa = PBXFileReference; fileEncoding = 4; lastKnownFileType = sourcecode.swift; path = DetailPresenterTests.swift; sourceTree = "<group>"; };
		6A24A9ED1DD3E23E0092B050 /* DetailRouterTests.swift */ = {isa = PBXFileReference; fileEncoding = 4; lastKnownFileType = sourcecode.swift; path = DetailRouterTests.swift; sourceTree = "<group>"; };
		6A24A9EE1DD3E23E0092B050 /* DetailViewTests.swift */ = {isa = PBXFileReference; fileEncoding = 4; lastKnownFileType = sourcecode.swift; path = DetailViewTests.swift; sourceTree = "<group>"; };
		6A24A9F51DD3E84C0092B050 /* RootInteractorTests.swift */ = {isa = PBXFileReference; fileEncoding = 4; lastKnownFileType = sourcecode.swift; path = RootInteractorTests.swift; sourceTree = "<group>"; };
		6A24A9F61DD3E84C0092B050 /* RootModuleTests.swift */ = {isa = PBXFileReference; fileEncoding = 4; lastKnownFileType = sourcecode.swift; path = RootModuleTests.swift; sourceTree = "<group>"; };
		6A24A9F71DD3E84C0092B050 /* RootPresenterTests.swift */ = {isa = PBXFileReference; fileEncoding = 4; lastKnownFileType = sourcecode.swift; path = RootPresenterTests.swift; sourceTree = "<group>"; };
		6A24A9F81DD3E84C0092B050 /* RootRouterTests.swift */ = {isa = PBXFileReference; fileEncoding = 4; lastKnownFileType = sourcecode.swift; path = RootRouterTests.swift; sourceTree = "<group>"; };
		6A24A9FA1DD3E84C0092B050 /* RootViewTests.swift */ = {isa = PBXFileReference; fileEncoding = 4; lastKnownFileType = sourcecode.swift; path = RootViewTests.swift; sourceTree = "<group>"; };
		7B13EB3C0E109B519EAC7538 /* Pods-SwiftyVIPERExampleTests.release.xcconfig */ = {isa = PBXFileReference; includeInIndex = 1; lastKnownFileType = text.xcconfig; name = "Pods-SwiftyVIPERExampleTests.release.xcconfig"; path = "Pods/Target Support Files/Pods-SwiftyVIPERExampleTests/Pods-SwiftyVIPERExampleTests.release.xcconfig"; sourceTree = "<group>"; };
		7B62C270AE3AE7163DD700D6 /* Pods-SwiftyVIPERExample.release.xcconfig */ = {isa = PBXFileReference; includeInIndex = 1; lastKnownFileType = text.xcconfig; name = "Pods-SwiftyVIPERExample.release.xcconfig"; path = "Pods/Target Support Files/Pods-SwiftyVIPERExample/Pods-SwiftyVIPERExample.release.xcconfig"; sourceTree = "<group>"; };
		89449D402B006941B3E7BCDE /* Pods_SwiftyVIPERExampleTests.framework */ = {isa = PBXFileReference; explicitFileType = wrapper.framework; includeInIndex = 0; path = Pods_SwiftyVIPERExampleTests.framework; sourceTree = BUILT_PRODUCTS_DIR; };
		8F40ACE46DDE6AFE65773867 /* Pods-SwiftyVIPERExampleTests.debug.xcconfig */ = {isa = PBXFileReference; includeInIndex = 1; lastKnownFileType = text.xcconfig; name = "Pods-SwiftyVIPERExampleTests.debug.xcconfig"; path = "Pods/Target Support Files/Pods-SwiftyVIPERExampleTests/Pods-SwiftyVIPERExampleTests.debug.xcconfig"; sourceTree = "<group>"; };
		90F933D5C30B23C93C04943F /* Pods-SwiftyVIPERExample.debug.xcconfig */ = {isa = PBXFileReference; includeInIndex = 1; lastKnownFileType = text.xcconfig; name = "Pods-SwiftyVIPERExample.debug.xcconfig"; path = "Pods/Target Support Files/Pods-SwiftyVIPERExample/Pods-SwiftyVIPERExample.debug.xcconfig"; sourceTree = "<group>"; };
		9B74346C9D995D2C40047586 /* Pods_SwiftyVIPERExample.framework */ = {isa = PBXFileReference; explicitFileType = wrapper.framework; includeInIndex = 0; path = Pods_SwiftyVIPERExample.framework; sourceTree = BUILT_PRODUCTS_DIR; };
/* End PBXFileReference section */

/* Begin PBXFrameworksBuildPhase section */
		6A0E810B1DD13FAE006B1A61 /* Frameworks */ = {
			isa = PBXFrameworksBuildPhase;
			buildActionMask = 2147483647;
			files = (
				51E92D3E993B4BA76E5C7B18 /* Pods_SwiftyVIPERExample.framework in Frameworks */,
			);
			runOnlyForDeploymentPostprocessing = 0;
		};
		6A0E811F1DD13FAE006B1A61 /* Frameworks */ = {
			isa = PBXFrameworksBuildPhase;
			buildActionMask = 2147483647;
			files = (
				72DCFF4D795D983E7C286884 /* Pods_SwiftyVIPERExampleTests.framework in Frameworks */,
			);
			runOnlyForDeploymentPostprocessing = 0;
		};
/* End PBXFrameworksBuildPhase section */

/* Begin PBXGroup section */
		4E83E6E8F74A67F5CE5C168A /* Pods */ = {
			isa = PBXGroup;
			children = (
				90F933D5C30B23C93C04943F /* Pods-SwiftyVIPERExample.debug.xcconfig */,
				7B62C270AE3AE7163DD700D6 /* Pods-SwiftyVIPERExample.release.xcconfig */,
				8F40ACE46DDE6AFE65773867 /* Pods-SwiftyVIPERExampleTests.debug.xcconfig */,
				7B13EB3C0E109B519EAC7538 /* Pods-SwiftyVIPERExampleTests.release.xcconfig */,
			);
			name = Pods;
			sourceTree = "<group>";
		};
		6A0E81051DD13FAE006B1A61 = {
			isa = PBXGroup;
			children = (
				6A0E81101DD13FAE006B1A61 /* SwiftyVIPERExample */,
				6A0E81251DD13FAE006B1A61 /* SwiftyVIPERExampleTests */,
				6A0E810F1DD13FAE006B1A61 /* Products */,
				4E83E6E8F74A67F5CE5C168A /* Pods */,
				CA1ABAFCCB4689C070AEE031 /* Frameworks */,
			);
			sourceTree = "<group>";
		};
		6A0E810F1DD13FAE006B1A61 /* Products */ = {
			isa = PBXGroup;
			children = (
				6A0E810E1DD13FAE006B1A61 /* SwiftyVIPERExample.app */,
				6A0E81221DD13FAE006B1A61 /* SwiftyVIPERExampleTests.xctest */,
			);
			name = Products;
			sourceTree = "<group>";
		};
		6A0E81101DD13FAE006B1A61 /* SwiftyVIPERExample */ = {
			isa = PBXGroup;
			children = (
				6A0E811D1DD13FAE006B1A61 /* Info.plist */,
				6A24A9E71DD3D9310092B050 /* Main.storyboard */,
				6A0E81311DD1400D006B1A61 /* LaunchScreen.storyboard */,
				6A0E81111DD13FAE006B1A61 /* AppDelegate.swift */,
				6A0E81181DD13FAE006B1A61 /* Assets.xcassets */,
				6A0E81331DD14048006B1A61 /* Modules */,
			);
			path = SwiftyVIPERExample;
			sourceTree = "<group>";
		};
		6A0E81251DD13FAE006B1A61 /* SwiftyVIPERExampleTests */ = {
			isa = PBXGroup;
			children = (
				6A24A9F41DD3E83E0092B050 /* Root */,
				6A24A9E91DD3E22A0092B050 /* Detail */,
				6A0E81281DD13FAE006B1A61 /* Info.plist */,
			);
			path = SwiftyVIPERExampleTests;
			sourceTree = "<group>";
		};
		6A0E81331DD14048006B1A61 /* Modules */ = {
			isa = PBXGroup;
			children = (
				6A2D6F651DD14296008BA1C6 /* Root */,
				6A24A9DC1DD3D8D60092B050 /* Detail */,
			);
			path = Modules;
			sourceTree = "<group>";
		};
		6A24A9DC1DD3D8D60092B050 /* Detail */ = {
			isa = PBXGroup;
			children = (
				6A24A9DD1DD3D8E40092B050 /* DetailInteractor.swift */,
				6A24A9DE1DD3D8E40092B050 /* DetailModule.swift */,
				6A24A9DF1DD3D8E40092B050 /* DetailPresenter.swift */,
				6A24A9E01DD3D8E40092B050 /* DetailRouter.swift */,
				6A24A9E11DD3D8E40092B050 /* DetailViewController.swift */,
			);
			name = Detail;
			sourceTree = "<group>";
		};
		6A24A9E91DD3E22A0092B050 /* Detail */ = {
			isa = PBXGroup;
			children = (
				6A24A9EA1DD3E23E0092B050 /* DetailInteractorTests.swift */,
				6A24A9EB1DD3E23E0092B050 /* DetailModuleTests.swift */,
				6A24A9EC1DD3E23E0092B050 /* DetailPresenterTests.swift */,
				6A24A9ED1DD3E23E0092B050 /* DetailRouterTests.swift */,
				6A24A9EE1DD3E23E0092B050 /* DetailViewTests.swift */,
			);
			name = Detail;
			sourceTree = "<group>";
		};
		6A24A9F41DD3E83E0092B050 /* Root */ = {
			isa = PBXGroup;
			children = (
				6A24A9F51DD3E84C0092B050 /* RootInteractorTests.swift */,
				6A24A9F61DD3E84C0092B050 /* RootModuleTests.swift */,
				6A24A9F71DD3E84C0092B050 /* RootPresenterTests.swift */,
				6A24A9F81DD3E84C0092B050 /* RootRouterTests.swift */,
				6A24A9FA1DD3E84C0092B050 /* RootViewTests.swift */,
			);
			name = Root;
			sourceTree = "<group>";
		};
		6A2D6F651DD14296008BA1C6 /* Root */ = {
			isa = PBXGroup;
			children = (
				6A0E813A1DD14048006B1A61 /* RootModule.swift */,
				6A0E813D1DD14048006B1A61 /* RootViewController.swift */,
				6A0E813B1DD14048006B1A61 /* RootPresenter.swift */,
				6A0E813C1DD14048006B1A61 /* RootRouter.swift */,
				6A0E81391DD14048006B1A61 /* RootInteractor.swift */,
			);
			name = Root;
			sourceTree = "<group>";
		};
		CA1ABAFCCB4689C070AEE031 /* Frameworks */ = {
			isa = PBXGroup;
			children = (
				9B74346C9D995D2C40047586 /* Pods_SwiftyVIPERExample.framework */,
				89449D402B006941B3E7BCDE /* Pods_SwiftyVIPERExampleTests.framework */,
			);
			name = Frameworks;
			sourceTree = "<group>";
		};
/* End PBXGroup section */

/* Begin PBXNativeTarget section */
		6A0E810D1DD13FAE006B1A61 /* SwiftyVIPERExample */ = {
			isa = PBXNativeTarget;
			buildConfigurationList = 6A0E812B1DD13FAE006B1A61 /* Build configuration list for PBXNativeTarget "SwiftyVIPERExample" */;
			buildPhases = (
				CB08A14374F47E6A3B114DFA /* [CP] Check Pods Manifest.lock */,
				6A6F42BF1E205CA3009E83A3 /* Swift Lint */,
				6A0E810A1DD13FAE006B1A61 /* Sources */,
				6A0E810B1DD13FAE006B1A61 /* Frameworks */,
				6A0E810C1DD13FAE006B1A61 /* Resources */,
				EB34CCADA889999054950BFB /* [CP] Embed Pods Frameworks */,
			);
			buildRules = (
			);
			dependencies = (
			);
			name = SwiftyVIPERExample;
			productName = SwiftyVIPERExample;
			productReference = 6A0E810E1DD13FAE006B1A61 /* SwiftyVIPERExample.app */;
			productType = "com.apple.product-type.application";
		};
		6A0E81211DD13FAE006B1A61 /* SwiftyVIPERExampleTests */ = {
			isa = PBXNativeTarget;
			buildConfigurationList = 6A0E812E1DD13FAE006B1A61 /* Build configuration list for PBXNativeTarget "SwiftyVIPERExampleTests" */;
			buildPhases = (
				33E33358867EA1F8D5E3D4AB /* [CP] Check Pods Manifest.lock */,
				6A0E811E1DD13FAE006B1A61 /* Sources */,
				6A0E811F1DD13FAE006B1A61 /* Frameworks */,
				6A0E81201DD13FAE006B1A61 /* Resources */,
				F1C81699BC04C7B39DB8733F /* [CP] Embed Pods Frameworks */,
			);
			buildRules = (
			);
			dependencies = (
				6A0E81241DD13FAE006B1A61 /* PBXTargetDependency */,
			);
			name = SwiftyVIPERExampleTests;
			productName = SwiftyVIPERExampleTests;
			productReference = 6A0E81221DD13FAE006B1A61 /* SwiftyVIPERExampleTests.xctest */;
			productType = "com.apple.product-type.bundle.unit-test";
		};
/* End PBXNativeTarget section */

/* Begin PBXProject section */
		6A0E81061DD13FAE006B1A61 /* Project object */ = {
			isa = PBXProject;
			attributes = {
				LastSwiftUpdateCheck = 0810;
				LastUpgradeCheck = 1120;
				ORGANIZATIONNAME = codeRed;
				TargetAttributes = {
					6A0E810D1DD13FAE006B1A61 = {
						CreatedOnToolsVersion = 8.1;
						LastSwiftMigration = 0910;
						ProvisioningStyle = Automatic;
					};
					6A0E81211DD13FAE006B1A61 = {
						CreatedOnToolsVersion = 8.1;
						LastSwiftMigration = 0910;
						ProvisioningStyle = Automatic;
						TestTargetID = 6A0E810D1DD13FAE006B1A61;
					};
				};
			};
			buildConfigurationList = 6A0E81091DD13FAE006B1A61 /* Build configuration list for PBXProject "SwiftyVIPERExample" */;
			compatibilityVersion = "Xcode 3.2";
			developmentRegion = en;
			hasScannedForEncodings = 0;
			knownRegions = (
				en,
				Base,
			);
			mainGroup = 6A0E81051DD13FAE006B1A61;
			productRefGroup = 6A0E810F1DD13FAE006B1A61 /* Products */;
			projectDirPath = "";
			projectRoot = "";
			targets = (
				6A0E810D1DD13FAE006B1A61 /* SwiftyVIPERExample */,
				6A0E81211DD13FAE006B1A61 /* SwiftyVIPERExampleTests */,
			);
		};
/* End PBXProject section */

/* Begin PBXResourcesBuildPhase section */
		6A0E810C1DD13FAE006B1A61 /* Resources */ = {
			isa = PBXResourcesBuildPhase;
			buildActionMask = 2147483647;
			files = (
				6A24A9E81DD3D9310092B050 /* Main.storyboard in Resources */,
				6A0E81191DD13FAE006B1A61 /* Assets.xcassets in Resources */,
				6A0E81321DD1400D006B1A61 /* LaunchScreen.storyboard in Resources */,
			);
			runOnlyForDeploymentPostprocessing = 0;
		};
		6A0E81201DD13FAE006B1A61 /* Resources */ = {
			isa = PBXResourcesBuildPhase;
			buildActionMask = 2147483647;
			files = (
			);
			runOnlyForDeploymentPostprocessing = 0;
		};
/* End PBXResourcesBuildPhase section */

/* Begin PBXShellScriptBuildPhase section */
		33E33358867EA1F8D5E3D4AB /* [CP] Check Pods Manifest.lock */ = {
			isa = PBXShellScriptBuildPhase;
			buildActionMask = 2147483647;
			files = (
			);
			inputPaths = (
				"${PODS_PODFILE_DIR_PATH}/Podfile.lock",
				"${PODS_ROOT}/Manifest.lock",
			);
			name = "[CP] Check Pods Manifest.lock";
			outputPaths = (
				"$(DERIVED_FILE_DIR)/Pods-SwiftyVIPERExampleTests-checkManifestLockResult.txt",
			);
			runOnlyForDeploymentPostprocessing = 0;
			shellPath = /bin/sh;
			shellScript = "diff \"${PODS_PODFILE_DIR_PATH}/Podfile.lock\" \"${PODS_ROOT}/Manifest.lock\" > /dev/null\nif [ $? != 0 ] ; then\n    # print error to STDERR\n    echo \"error: The sandbox is not in sync with the Podfile.lock. Run 'pod install' or update your CocoaPods installation.\" >&2\n    exit 1\nfi\n# This output is used by Xcode 'outputs' to avoid re-running this script phase.\necho \"SUCCESS\" > \"${SCRIPT_OUTPUT_FILE_0}\"\n";
			showEnvVarsInLog = 0;
		};
		6A6F42BF1E205CA3009E83A3 /* Swift Lint */ = {
			isa = PBXShellScriptBuildPhase;
			buildActionMask = 2147483647;
			files = (
			);
			inputPaths = (
			);
			name = "Swift Lint";
			outputPaths = (
			);
			runOnlyForDeploymentPostprocessing = 0;
			shellPath = /bin/sh;
			shellScript = "if which swiftlint >/dev/null; then\nswiftlint\nelse\necho \"warning: SwiftLint not installed, download from https://github.com/realm/SwiftLint\"\nfi\n";
		};
		CB08A14374F47E6A3B114DFA /* [CP] Check Pods Manifest.lock */ = {
			isa = PBXShellScriptBuildPhase;
			buildActionMask = 2147483647;
			files = (
			);
			inputPaths = (
				"${PODS_PODFILE_DIR_PATH}/Podfile.lock",
				"${PODS_ROOT}/Manifest.lock",
			);
			name = "[CP] Check Pods Manifest.lock";
			outputPaths = (
				"$(DERIVED_FILE_DIR)/Pods-SwiftyVIPERExample-checkManifestLockResult.txt",
			);
			runOnlyForDeploymentPostprocessing = 0;
			shellPath = /bin/sh;
			shellScript = "diff \"${PODS_PODFILE_DIR_PATH}/Podfile.lock\" \"${PODS_ROOT}/Manifest.lock\" > /dev/null\nif [ $? != 0 ] ; then\n    # print error to STDERR\n    echo \"error: The sandbox is not in sync with the Podfile.lock. Run 'pod install' or update your CocoaPods installation.\" >&2\n    exit 1\nfi\n# This output is used by Xcode 'outputs' to avoid re-running this script phase.\necho \"SUCCESS\" > \"${SCRIPT_OUTPUT_FILE_0}\"\n";
			showEnvVarsInLog = 0;
		};
		EB34CCADA889999054950BFB /* [CP] Embed Pods Frameworks */ = {
			isa = PBXShellScriptBuildPhase;
			buildActionMask = 2147483647;
			files = (
			);
			inputPaths = (
				"${PODS_ROOT}/Target Support Files/Pods-SwiftyVIPERExample/Pods-SwiftyVIPERExample-frameworks.sh",
				"${BUILT_PRODUCTS_DIR}/SnapKit/SnapKit.framework",
				"${BUILT_PRODUCTS_DIR}/SwiftyVIPER/SwiftyVIPER.framework",
			);
			name = "[CP] Embed Pods Frameworks";
			outputPaths = (
				"${TARGET_BUILD_DIR}/${FRAMEWORKS_FOLDER_PATH}/SnapKit.framework",
				"${TARGET_BUILD_DIR}/${FRAMEWORKS_FOLDER_PATH}/SwiftyVIPER.framework",
			);
			runOnlyForDeploymentPostprocessing = 0;
			shellPath = /bin/sh;
			shellScript = "\"${PODS_ROOT}/Target Support Files/Pods-SwiftyVIPERExample/Pods-SwiftyVIPERExample-frameworks.sh\"\n";
			showEnvVarsInLog = 0;
		};
		F1C81699BC04C7B39DB8733F /* [CP] Embed Pods Frameworks */ = {
			isa = PBXShellScriptBuildPhase;
			buildActionMask = 2147483647;
			files = (
			);
			inputPaths = (
				"${PODS_ROOT}/Target Support Files/Pods-SwiftyVIPERExampleTests/Pods-SwiftyVIPERExampleTests-frameworks.sh",
				"${BUILT_PRODUCTS_DIR}/SnapKit/SnapKit.framework",
				"${BUILT_PRODUCTS_DIR}/SwiftyVIPER/SwiftyVIPER.framework",
			);
			name = "[CP] Embed Pods Frameworks";
			outputPaths = (
				"${TARGET_BUILD_DIR}/${FRAMEWORKS_FOLDER_PATH}/SnapKit.framework",
				"${TARGET_BUILD_DIR}/${FRAMEWORKS_FOLDER_PATH}/SwiftyVIPER.framework",
			);
			runOnlyForDeploymentPostprocessing = 0;
			shellPath = /bin/sh;
			shellScript = "\"${PODS_ROOT}/Target Support Files/Pods-SwiftyVIPERExampleTests/Pods-SwiftyVIPERExampleTests-frameworks.sh\"\n";
			showEnvVarsInLog = 0;
		};
/* End PBXShellScriptBuildPhase section */

/* Begin PBXSourcesBuildPhase section */
		6A0E810A1DD13FAE006B1A61 /* Sources */ = {
			isa = PBXSourcesBuildPhase;
			buildActionMask = 2147483647;
			files = (
				6A24A9E61DD3D8E40092B050 /* DetailViewController.swift in Sources */,
				6A0E81451DD14048006B1A61 /* RootPresenter.swift in Sources */,
				6A0E81471DD14048006B1A61 /* RootViewController.swift in Sources */,
				6A24A9E41DD3D8E40092B050 /* DetailPresenter.swift in Sources */,
				6A0E81441DD14048006B1A61 /* RootModule.swift in Sources */,
				6A0E81121DD13FAE006B1A61 /* AppDelegate.swift in Sources */,
				6A24A9E51DD3D8E40092B050 /* DetailRouter.swift in Sources */,
				6A24A9E21DD3D8E40092B050 /* DetailInteractor.swift in Sources */,
				6A0E81461DD14048006B1A61 /* RootRouter.swift in Sources */,
				6A24A9E31DD3D8E40092B050 /* DetailModule.swift in Sources */,
				6A0E81431DD14048006B1A61 /* RootInteractor.swift in Sources */,
			);
			runOnlyForDeploymentPostprocessing = 0;
		};
		6A0E811E1DD13FAE006B1A61 /* Sources */ = {
			isa = PBXSourcesBuildPhase;
			buildActionMask = 2147483647;
			files = (
				6A24A9F21DD3E23E0092B050 /* DetailRouterTests.swift in Sources */,
				6A24A9FC1DD3E84C0092B050 /* RootModuleTests.swift in Sources */,
				6A24A9FD1DD3E84C0092B050 /* RootPresenterTests.swift in Sources */,
				6A24A9F31DD3E23E0092B050 /* DetailViewTests.swift in Sources */,
				6A24A9FB1DD3E84C0092B050 /* RootInteractorTests.swift in Sources */,
				6A24A9F11DD3E23E0092B050 /* DetailPresenterTests.swift in Sources */,
				6A24A9FE1DD3E84C0092B050 /* RootRouterTests.swift in Sources */,
				6A24A9F01DD3E23E0092B050 /* DetailModuleTests.swift in Sources */,
				6A24AA001DD3E84C0092B050 /* RootViewTests.swift in Sources */,
				6A24A9EF1DD3E23E0092B050 /* DetailInteractorTests.swift in Sources */,
			);
			runOnlyForDeploymentPostprocessing = 0;
		};
/* End PBXSourcesBuildPhase section */

/* Begin PBXTargetDependency section */
		6A0E81241DD13FAE006B1A61 /* PBXTargetDependency */ = {
			isa = PBXTargetDependency;
			target = 6A0E810D1DD13FAE006B1A61 /* SwiftyVIPERExample */;
			targetProxy = 6A0E81231DD13FAE006B1A61 /* PBXContainerItemProxy */;
		};
/* End PBXTargetDependency section */

/* Begin XCBuildConfiguration section */
		6A0E81291DD13FAE006B1A61 /* Debug */ = {
			isa = XCBuildConfiguration;
			buildSettings = {
				ALWAYS_SEARCH_USER_PATHS = NO;
				CLANG_ANALYZER_LOCALIZABILITY_NONLOCALIZED = YES;
				CLANG_ANALYZER_NONNULL = YES;
				CLANG_CXX_LANGUAGE_STANDARD = "gnu++0x";
				CLANG_CXX_LIBRARY = "libc++";
				CLANG_ENABLE_MODULES = YES;
				CLANG_ENABLE_OBJC_ARC = YES;
				CLANG_WARN_BLOCK_CAPTURE_AUTORELEASING = YES;
				CLANG_WARN_BOOL_CONVERSION = YES;
				CLANG_WARN_COMMA = YES;
				CLANG_WARN_CONSTANT_CONVERSION = YES;
				CLANG_WARN_DEPRECATED_OBJC_IMPLEMENTATIONS = YES;
				CLANG_WARN_DIRECT_OBJC_ISA_USAGE = YES_ERROR;
				CLANG_WARN_DOCUMENTATION_COMMENTS = YES;
				CLANG_WARN_EMPTY_BODY = YES;
				CLANG_WARN_ENUM_CONVERSION = YES;
				CLANG_WARN_INFINITE_RECURSION = YES;
				CLANG_WARN_INT_CONVERSION = YES;
				CLANG_WARN_NON_LITERAL_NULL_CONVERSION = YES;
				CLANG_WARN_OBJC_IMPLICIT_RETAIN_SELF = YES;
				CLANG_WARN_OBJC_LITERAL_CONVERSION = YES;
				CLANG_WARN_OBJC_ROOT_CLASS = YES_ERROR;
				CLANG_WARN_RANGE_LOOP_ANALYSIS = YES;
				CLANG_WARN_STRICT_PROTOTYPES = YES;
				CLANG_WARN_SUSPICIOUS_MOVE = YES;
				CLANG_WARN_SUSPICIOUS_MOVES = YES;
				CLANG_WARN_UNREACHABLE_CODE = YES;
				CLANG_WARN__DUPLICATE_METHOD_MATCH = YES;
				"CODE_SIGN_IDENTITY[sdk=iphoneos*]" = "iPhone Developer";
				COPY_PHASE_STRIP = NO;
				DEBUG_INFORMATION_FORMAT = dwarf;
				ENABLE_STRICT_OBJC_MSGSEND = YES;
				ENABLE_TESTABILITY = YES;
				GCC_C_LANGUAGE_STANDARD = gnu99;
				GCC_DYNAMIC_NO_PIC = NO;
				GCC_NO_COMMON_BLOCKS = YES;
				GCC_OPTIMIZATION_LEVEL = 0;
				GCC_PREPROCESSOR_DEFINITIONS = (
					"DEBUG=1",
					"$(inherited)",
				);
				GCC_WARN_64_TO_32_BIT_CONVERSION = YES;
				GCC_WARN_ABOUT_RETURN_TYPE = YES_ERROR;
				GCC_WARN_UNDECLARED_SELECTOR = YES;
				GCC_WARN_UNINITIALIZED_AUTOS = YES_AGGRESSIVE;
				GCC_WARN_UNUSED_FUNCTION = YES;
				GCC_WARN_UNUSED_VARIABLE = YES;
				IPHONEOS_DEPLOYMENT_TARGET = 11.0;
				MTL_ENABLE_DEBUG_INFO = YES;
				ONLY_ACTIVE_ARCH = YES;
				SDKROOT = iphoneos;
				SWIFT_ACTIVE_COMPILATION_CONDITIONS = DEBUG;
				SWIFT_OPTIMIZATION_LEVEL = "-Onone";
			};
			name = Debug;
		};
		6A0E812A1DD13FAE006B1A61 /* Release */ = {
			isa = XCBuildConfiguration;
			buildSettings = {
				ALWAYS_SEARCH_USER_PATHS = NO;
				CLANG_ANALYZER_LOCALIZABILITY_NONLOCALIZED = YES;
				CLANG_ANALYZER_NONNULL = YES;
				CLANG_CXX_LANGUAGE_STANDARD = "gnu++0x";
				CLANG_CXX_LIBRARY = "libc++";
				CLANG_ENABLE_MODULES = YES;
				CLANG_ENABLE_OBJC_ARC = YES;
				CLANG_WARN_BLOCK_CAPTURE_AUTORELEASING = YES;
				CLANG_WARN_BOOL_CONVERSION = YES;
				CLANG_WARN_COMMA = YES;
				CLANG_WARN_CONSTANT_CONVERSION = YES;
				CLANG_WARN_DEPRECATED_OBJC_IMPLEMENTATIONS = YES;
				CLANG_WARN_DIRECT_OBJC_ISA_USAGE = YES_ERROR;
				CLANG_WARN_DOCUMENTATION_COMMENTS = YES;
				CLANG_WARN_EMPTY_BODY = YES;
				CLANG_WARN_ENUM_CONVERSION = YES;
				CLANG_WARN_INFINITE_RECURSION = YES;
				CLANG_WARN_INT_CONVERSION = YES;
				CLANG_WARN_NON_LITERAL_NULL_CONVERSION = YES;
				CLANG_WARN_OBJC_IMPLICIT_RETAIN_SELF = YES;
				CLANG_WARN_OBJC_LITERAL_CONVERSION = YES;
				CLANG_WARN_OBJC_ROOT_CLASS = YES_ERROR;
				CLANG_WARN_RANGE_LOOP_ANALYSIS = YES;
				CLANG_WARN_STRICT_PROTOTYPES = YES;
				CLANG_WARN_SUSPICIOUS_MOVE = YES;
				CLANG_WARN_SUSPICIOUS_MOVES = YES;
				CLANG_WARN_UNREACHABLE_CODE = YES;
				CLANG_WARN__DUPLICATE_METHOD_MATCH = YES;
				"CODE_SIGN_IDENTITY[sdk=iphoneos*]" = "iPhone Developer";
				COPY_PHASE_STRIP = NO;
				DEBUG_INFORMATION_FORMAT = "dwarf-with-dsym";
				ENABLE_NS_ASSERTIONS = NO;
				ENABLE_STRICT_OBJC_MSGSEND = YES;
				GCC_C_LANGUAGE_STANDARD = gnu99;
				GCC_NO_COMMON_BLOCKS = YES;
				GCC_WARN_64_TO_32_BIT_CONVERSION = YES;
				GCC_WARN_ABOUT_RETURN_TYPE = YES_ERROR;
				GCC_WARN_UNDECLARED_SELECTOR = YES;
				GCC_WARN_UNINITIALIZED_AUTOS = YES_AGGRESSIVE;
				GCC_WARN_UNUSED_FUNCTION = YES;
				GCC_WARN_UNUSED_VARIABLE = YES;
				IPHONEOS_DEPLOYMENT_TARGET = 11.0;
				MTL_ENABLE_DEBUG_INFO = NO;
				SDKROOT = iphoneos;
				SWIFT_OPTIMIZATION_LEVEL = "-Owholemodule";
				VALIDATE_PRODUCT = YES;
			};
			name = Release;
		};
		6A0E812C1DD13FAE006B1A61 /* Debug */ = {
			isa = XCBuildConfiguration;
			baseConfigurationReference = 90F933D5C30B23C93C04943F /* Pods-SwiftyVIPERExample.debug.xcconfig */;
			buildSettings = {
				ASSETCATALOG_COMPILER_APPICON_NAME = AppIcon;
				DEVELOPMENT_TEAM = "";
				INFOPLIST_FILE = SwiftyVIPERExample/Info.plist;
				IPHONEOS_DEPLOYMENT_TARGET = 11.0;
				LD_RUNPATH_SEARCH_PATHS = "$(inherited) @executable_path/Frameworks";
				PRODUCT_BUNDLE_IDENTIFIER = com.codeRed.SwiftyVIPERExample;
				PRODUCT_NAME = "$(TARGET_NAME)";
				SWIFT_VERSION = 4.0;
			};
			name = Debug;
		};
		6A0E812D1DD13FAE006B1A61 /* Release */ = {
			isa = XCBuildConfiguration;
			baseConfigurationReference = 7B62C270AE3AE7163DD700D6 /* Pods-SwiftyVIPERExample.release.xcconfig */;
			buildSettings = {
				ASSETCATALOG_COMPILER_APPICON_NAME = AppIcon;
				DEVELOPMENT_TEAM = "";
				INFOPLIST_FILE = SwiftyVIPERExample/Info.plist;
				IPHONEOS_DEPLOYMENT_TARGET = 11.0;
				LD_RUNPATH_SEARCH_PATHS = "$(inherited) @executable_path/Frameworks";
				PRODUCT_BUNDLE_IDENTIFIER = com.codeRed.SwiftyVIPERExample;
				PRODUCT_NAME = "$(TARGET_NAME)";
				SWIFT_VERSION = 4.0;
			};
			name = Release;
		};
		6A0E812F1DD13FAE006B1A61 /* Debug */ = {
			isa = XCBuildConfiguration;
			baseConfigurationReference = 8F40ACE46DDE6AFE65773867 /* Pods-SwiftyVIPERExampleTests.debug.xcconfig */;
			buildSettings = {
				BUNDLE_LOADER = "$(TEST_HOST)";
				CLANG_ENABLE_MODULES = YES;
				"CODE_SIGN_IDENTITY[sdk=macosx*]" = "-";
				DEVELOPMENT_TEAM = "";
				INFOPLIST_FILE = SwiftyVIPERExampleTests/Info.plist;
				LD_RUNPATH_SEARCH_PATHS = "$(inherited) @executable_path/Frameworks @loader_path/Frameworks";
				PRODUCT_BUNDLE_IDENTIFIER = com.codeRed.SwiftyVIPERExampleTests;
				PRODUCT_NAME = "$(TARGET_NAME)";
				SWIFT_OPTIMIZATION_LEVEL = "-Onone";
				SWIFT_VERSION = 4.0;
				TEST_HOST = "$(BUILT_PRODUCTS_DIR)/SwiftyVIPERExample.app/SwiftyVIPERExample";
			};
			name = Debug;
		};
		6A0E81301DD13FAE006B1A61 /* Release */ = {
			isa = XCBuildConfiguration;
			baseConfigurationReference = 7B13EB3C0E109B519EAC7538 /* Pods-SwiftyVIPERExampleTests.release.xcconfig */;
			buildSettings = {
				BUNDLE_LOADER = "$(TEST_HOST)";
				CLANG_ENABLE_MODULES = YES;
				"CODE_SIGN_IDENTITY[sdk=macosx*]" = "-";
				DEVELOPMENT_TEAM = "";
				INFOPLIST_FILE = SwiftyVIPERExampleTests/Info.plist;
				LD_RUNPATH_SEARCH_PATHS = "$(inherited) @executable_path/Frameworks @loader_path/Frameworks";
				PRODUCT_BUNDLE_IDENTIFIER = com.codeRed.SwiftyVIPERExampleTests;
				PRODUCT_NAME = "$(TARGET_NAME)";
				SWIFT_VERSION = 4.0;
				TEST_HOST = "$(BUILT_PRODUCTS_DIR)/SwiftyVIPERExample.app/SwiftyVIPERExample";
			};
			name = Release;
		};
/* End XCBuildConfiguration section */

/* Begin XCConfigurationList section */
		6A0E81091DD13FAE006B1A61 /* Build configuration list for PBXProject "SwiftyVIPERExample" */ = {
			isa = XCConfigurationList;
			buildConfigurations = (
				6A0E81291DD13FAE006B1A61 /* Debug */,
				6A0E812A1DD13FAE006B1A61 /* Release */,
			);
			defaultConfigurationIsVisible = 0;
			defaultConfigurationName = Release;
		};
		6A0E812B1DD13FAE006B1A61 /* Build configuration list for PBXNativeTarget "SwiftyVIPERExample" */ = {
			isa = XCConfigurationList;
			buildConfigurations = (
				6A0E812C1DD13FAE006B1A61 /* Debug */,
				6A0E812D1DD13FAE006B1A61 /* Release */,
			);
			defaultConfigurationIsVisible = 0;
			defaultConfigurationName = Release;
		};
		6A0E812E1DD13FAE006B1A61 /* Build configuration list for PBXNativeTarget "SwiftyVIPERExampleTests" */ = {
			isa = XCConfigurationList;
			buildConfigurations = (
				6A0E812F1DD13FAE006B1A61 /* Debug */,
				6A0E81301DD13FAE006B1A61 /* Release */,
			);
			defaultConfigurationIsVisible = 0;
			defaultConfigurationName = Release;
		};
/* End XCConfigurationList section */
	};
	rootObject = 6A0E81061DD13FAE006B1A61 /* Project object */;
}
