PODS:
  - SnapKit (3.0.2)
  - SwiftyVIPER (0.1)

DEPENDENCIES:
  - SnapKit (~> 3.0)
  - SwiftyVIPER (from `./`)

EXTERNAL SOURCES:
  SwiftyVIPER:
    :path: "./"

SPEC CHECKSUMS:
  SnapKit: 2e456761aa92d4d4067a7a5594c18769d451a8ad
  SwiftyVIPER: 7171d239b2eeb71e633d52468ee10c5f29a736b1

PODFILE CHECKSUM: 72cef0c506fa15a107be273aa4a17e54b0816b16

COCOAPODS: 1.1.1
