PODS:
  - SnapKit (3.0.2)
  - SwiftyVIPER (0.1)

DEPENDENCIES:
  - SnapKit (~> 3.0)
  - SwiftyVIPER (from `./`)

EXTERNAL SOURCES:
  SwiftyVIPER:
    :path: "./"

SPEC CHECKSUMS:
  SnapKit: 2e456761aa92d4d4067a7a5594c18769d451a8ad
  SwiftyVIPER: 7171d239b2eeb71e633d52468ee10c5f29a736b1

PODFILE CHECKSUM: 3e969fc5c39bcf19dd14e803d2132412376acafc

COCOAPODS: 1.1.1
