// !$*UTF8*$!
{
	archiveVersion = 1;
	classes = {
	};
	objectVersion = 46;
	objects = {

/* Begin PBXFileReference section */
		6A15A2E01CC6B68B00C9BE91 /* README.md */ = {isa = PBXFileReference; lastKnownFileType = net.daringfireball.markdown; path = README.md; sourceTree = "<group>"; };
		6A69560B1DC1D8ED00C2E443 /* ___FILEBASENAME___Module.swift */ = {isa = PBXFileReference; lastKnownFileType = sourcecode.swift; path = "___FILEBASENAME___Module.swift"; sourceTree = "<group>"; };
		6ACEF2511D0B4ABA005A9E0A /* ___FILEBASENAME___Interactor.swift */ = {isa = PBXFileReference; lastKnownFileType = sourcecode.swift; path = "___FILEBASENAME___Interactor.swift"; sourceTree = "<group>"; };
		6ACEF2521D0B4ABA005A9E0A /* ___FILEBASENAME___Presenter.swift */ = {isa = PBXFileReference; lastKnownFileType = sourcecode.swift; path = "___FILEBASENAME___Presenter.swift"; sourceTree = "<group>"; };
		6ACEF2531D0B4ABA005A9E0A /* ___FILEBASENAME___Router.swift */ = {isa = PBXFileReference; lastKnownFileType = sourcecode.swift; path = "___FILEBASENAME___Router.swift"; sourceTree = "<group>"; };
		6ACEF2541D0B4ABA005A9E0A /* ___FILEBASENAME___ViewController.swift */ = {isa = PBXFileReference; lastKnownFileType = sourcecode.swift; path = "___FILEBASENAME___ViewController.swift"; sourceTree = "<group>"; };
		6ACEF2551D0B4ABA005A9E0A /* TemplateIcon.icns */ = {isa = PBXFileReference; lastKnownFileType = image.icns; path = TemplateIcon.icns; sourceTree = "<group>"; };
		6ACEF2561D0B4ABA005A9E0A /* TemplateInfo.plist */ = {isa = PBXFileReference; lastKnownFileType = text.plist.xml; path = TemplateInfo.plist; sourceTree = "<group>"; };
/* End PBXFileReference section */

/* Begin PBXGroup section */
		6A15A2BD1CC6AD1A00C9BE91 = {
			isa = PBXGroup;
			children = (
				6A15A2E01CC6B68B00C9BE91 /* README.md */,
				6A15A2C41CC6AD3A00C9BE91 /* VIPER */,
			);
			sourceTree = "<group>";
		};
		6A15A2C41CC6AD3A00C9BE91 /* VIPER */ = {
			isa = PBXGroup;
			children = (
				6ACEF2501D0B4ABA005A9E0A /* Module.xctemplate */,
			);
			path = VIPER;
			sourceTree = "<group>";
		};
		6ACEF2501D0B4ABA005A9E0A /* Module.xctemplate */ = {
			isa = PBXGroup;
			children = (
				6A69560B1DC1D8ED00C2E443 /* ___FILEBASENAME___Module.swift */,
				6ACEF2541D0B4ABA005A9E0A /* ___FILEBASENAME___ViewController.swift */,
				6ACEF2521D0B4ABA005A9E0A /* ___FILEBASENAME___Presenter.swift */,
				6ACEF2531D0B4ABA005A9E0A /* ___FILEBASENAME___Router.swift */,
				6ACEF2511D0B4ABA005A9E0A /* ___FILEBASENAME___Interactor.swift */,
				6ACEF2551D0B4ABA005A9E0A /* TemplateIcon.icns */,
				6ACEF2561D0B4ABA005A9E0A /* TemplateInfo.plist */,
			);
			path = Module.xctemplate;
			sourceTree = "<group>";
		};
/* End PBXGroup section */

/* Begin PBXProject section */
		6A15A2BE1CC6AD1A00C9BE91 /* Project object */ = {
			isa = PBXProject;
			attributes = {
				LastUpgradeCheck = 0730;
			};
			buildConfigurationList = 6A15A2C11CC6AD1A00C9BE91 /* Build configuration list for PBXProject "Viper Templates" */;
			compatibilityVersion = "Xcode 3.2";
			developmentRegion = English;
			hasScannedForEncodings = 0;
			knownRegions = (
				en,
			);
			mainGroup = 6A15A2BD1CC6AD1A00C9BE91;
			projectDirPath = "";
			projectRoot = "";
			targets = (
			);
		};
/* End PBXProject section */

/* Begin XCBuildConfiguration section */
		6A15A2C21CC6AD1A00C9BE91 /* Debug */ = {
			isa = XCBuildConfiguration;
			buildSettings = {
			};
			name = Debug;
		};
		6A15A2C31CC6AD1A00C9BE91 /* Release */ = {
			isa = XCBuildConfiguration;
			buildSettings = {
			};
			name = Release;
		};
/* End XCBuildConfiguration section */

/* Begin XCConfigurationList section */
		6A15A2C11CC6AD1A00C9BE91 /* Build configuration list for PBXProject "Viper Templates" */ = {
			isa = XCConfigurationList;
			buildConfigurations = (
				6A15A2C21CC6AD1A00C9BE91 /* Debug */,
				6A15A2C31CC6AD1A00C9BE91 /* Release */,
			);
			defaultConfigurationIsVisible = 0;
			defaultConfigurationName = Release;
		};
/* End XCConfigurationList section */
	};
	rootObject = 6A15A2BE1CC6AD1A00C9BE91 /* Project object */;
}
