// !$*UTF8*$!
{
	archiveVersion = 1;
	classes = {
	};
	objectVersion = 46;
	objects = {

/* Begin PBXFileReference section */
		6A15A2C61CC6AD3A00C9BE91 /* ___FILEBASENAME___Interactor.swift */ = {isa = PBXFileReference; lastKnownFileType = sourcecode.swift; path = "___FILEBASENAME___Interactor.swift"; sourceTree = "<group>"; };
		6A15A2C71CC6AD3A00C9BE91 /* ___FILEBASENAME___Presenter.swift */ = {isa = PBXFileReference; lastKnownFileType = sourcecode.swift; path = "___FILEBASENAME___Presenter.swift"; sourceTree = "<group>"; };
		6A15A2C81CC6AD3A00C9BE91 /* ___FILEBASENAME___Router.swift */ = {isa = PBXFileReference; lastKnownFileType = sourcecode.swift; path = "___FILEBASENAME___Router.swift"; sourceTree = "<group>"; };
		6A15A2C91CC6AD3A00C9BE91 /* ___FILEBASENAME___ViewController.swift */ = {isa = PBXFileReference; lastKnownFileType = sourcecode.swift; path = "___FILEBASENAME___ViewController.swift"; sourceTree = "<group>"; };
		6A15A2CA1CC6AD3A00C9BE91 /* TemplateIcon.icns */ = {isa = PBXFileReference; lastKnownFileType = image.icns; path = TemplateIcon.icns; sourceTree = "<group>"; };
		6A15A2CB1CC6AD3A00C9BE91 /* TemplateInfo.plist */ = {isa = PBXFileReference; lastKnownFileType = text.plist.xml; path = TemplateInfo.plist; sourceTree = "<group>"; };
		6A15A2CD1CC6AD8600C9BE91 /* README.txt */ = {isa = PBXFileReference; lastKnownFileType = text; path = README.txt; sourceTree = "<group>"; };
/* End PBXFileReference section */

/* Begin PBXGroup section */
		6A15A2BD1CC6AD1A00C9BE91 = {
			isa = PBXGroup;
			children = (
				6A15A2C41CC6AD3A00C9BE91 /* VIPER */,
			);
			sourceTree = "<group>";
		};
		6A15A2C41CC6AD3A00C9BE91 /* VIPER */ = {
			isa = PBXGroup;
			children = (
				6A15A2CD1CC6AD8600C9BE91 /* README.txt */,
				6A15A2C51CC6AD3A00C9BE91 /* Viper Module Swift.xctemplate */,
			);
			path = VIPER;
			sourceTree = "<group>";
		};
		6A15A2C51CC6AD3A00C9BE91 /* Viper Module Swift.xctemplate */ = {
			isa = PBXGroup;
			children = (
				6A15A2C61CC6AD3A00C9BE91 /* ___FILEBASENAME___Interactor.swift */,
				6A15A2C71CC6AD3A00C9BE91 /* ___FILEBASENAME___Presenter.swift */,
				6A15A2C81CC6AD3A00C9BE91 /* ___FILEBASENAME___Router.swift */,
				6A15A2C91CC6AD3A00C9BE91 /* ___FILEBASENAME___ViewController.swift */,
				6A15A2CA1CC6AD3A00C9BE91 /* TemplateIcon.icns */,
				6A15A2CB1CC6AD3A00C9BE91 /* TemplateInfo.plist */,
			);
			path = "Viper Module Swift.xctemplate";
			sourceTree = "<group>";
		};
/* End PBXGroup section */

/* Begin PBXProject section */
		6A15A2BE1CC6AD1A00C9BE91 /* Project object */ = {
			isa = PBXProject;
			attributes = {
				LastUpgradeCheck = 0730;
			};
			buildConfigurationList = 6A15A2C11CC6AD1A00C9BE91 /* Build configuration list for PBXProject "Viper Templates" */;
			compatibilityVersion = "Xcode 3.2";
			developmentRegion = English;
			hasScannedForEncodings = 0;
			knownRegions = (
				en,
			);
			mainGroup = 6A15A2BD1CC6AD1A00C9BE91;
			projectDirPath = "";
			projectRoot = "";
			targets = (
			);
		};
/* End PBXProject section */

/* Begin XCBuildConfiguration section */
		6A15A2C21CC6AD1A00C9BE91 /* Debug */ = {
			isa = XCBuildConfiguration;
			buildSettings = {
			};
			name = Debug;
		};
		6A15A2C31CC6AD1A00C9BE91 /* Release */ = {
			isa = XCBuildConfiguration;
			buildSettings = {
			};
			name = Release;
		};
/* End XCBuildConfiguration section */

/* Begin XCConfigurationList section */
		6A15A2C11CC6AD1A00C9BE91 /* Build configuration list for PBXProject "Viper Templates" */ = {
			isa = XCConfigurationList;
			buildConfigurations = (
				6A15A2C21CC6AD1A00C9BE91 /* Debug */,
				6A15A2C31CC6AD1A00C9BE91 /* Release */,
			);
			defaultConfigurationIsVisible = 0;
			defaultConfigurationName = Release;
		};
/* End XCConfigurationList section */
	};
	rootObject = 6A15A2BE1CC6AD1A00C9BE91 /* Project object */;
}
