// !$*UTF8*$!
{
	archiveVersion = 1;
	classes = {
	};
	objectVersion = 46;
	objects = {

/* Begin PBXBuildFile section */
		1043FB45837AC4CF2C264976 /* Pods_SwiftyVIPERTests.framework in Frameworks */ = {isa = PBXBuildFile; fileRef = 3B33576844F0DD113E40D27E /* Pods_SwiftyVIPERTests.framework */; };
		6A266F4B1DCE2F35007E63CB /* LaunchScreen.storyboard in Resources */ = {isa = PBXBuildFile; fileRef = 6A266F4A1DCE2F35007E63CB /* LaunchScreen.storyboard */; };
		6A601C241DCD55E4001B034D /* AppDelegate.swift in Sources */ = {isa = PBXBuildFile; fileRef = 6A601C231DCD55E4001B034D /* AppDelegate.swift */; };
		6A601C391DCD55E4001B034D /* SwiftyVIPERTests.swift in Sources */ = {isa = PBXBuildFile; fileRef = 6A601C381DCD55E4001B034D /* SwiftyVIPERTests.swift */; };
		6A601C4C1DCD5882001B034D /* RootInteractor.swift in Sources */ = {isa = PBXBuildFile; fileRef = 6A601C471DCD5882001B034D /* RootInteractor.swift */; };
		6A601C4D1DCD5882001B034D /* RootModule.swift in Sources */ = {isa = PBXBuildFile; fileRef = 6A601C481DCD5882001B034D /* RootModule.swift */; };
		6A601C4E1DCD5882001B034D /* RootPresenter.swift in Sources */ = {isa = PBXBuildFile; fileRef = 6A601C491DCD5882001B034D /* RootPresenter.swift */; };
		6A601C4F1DCD5882001B034D /* RootRouter.swift in Sources */ = {isa = PBXBuildFile; fileRef = 6A601C4A1DCD5882001B034D /* RootRouter.swift */; };
		6A601C501DCD5882001B034D /* RootViewController.swift in Sources */ = {isa = PBXBuildFile; fileRef = 6A601C4B1DCD5882001B034D /* RootViewController.swift */; };
		6A88E7A91DCE2F590072A286 /* Assets.xcassets in Resources */ = {isa = PBXBuildFile; fileRef = 6A88E7A81DCE2F590072A286 /* Assets.xcassets */; };
		ED8EFA164A95A54E31C814BD /* Pods_SwiftyVIPER.framework in Frameworks */ = {isa = PBXBuildFile; fileRef = 01BDC6631701BCAF84D65120 /* Pods_SwiftyVIPER.framework */; };
/* End PBXBuildFile section */

/* Begin PBXContainerItemProxy section */
		6A601C351DCD55E4001B034D /* PBXContainerItemProxy */ = {
			isa = PBXContainerItemProxy;
			containerPortal = 6A601C181DCD55E3001B034D /* Project object */;
			proxyType = 1;
			remoteGlobalIDString = 6A601C1F1DCD55E3001B034D;
			remoteInfo = SwiftVIPER;
		};
/* End PBXContainerItemProxy section */

/* Begin PBXFileReference section */
		01BDC6631701BCAF84D65120 /* Pods_SwiftyVIPER.framework */ = {isa = PBXFileReference; explicitFileType = wrapper.framework; includeInIndex = 0; path = Pods_SwiftyVIPER.framework; sourceTree = BUILT_PRODUCTS_DIR; };
		23B1F9898B4844B6948D1F55 /* Pods-SwiftyVIPER.release.xcconfig */ = {isa = PBXFileReference; includeInIndex = 1; lastKnownFileType = text.xcconfig; name = "Pods-SwiftyVIPER.release.xcconfig"; path = "Pods/Target Support Files/Pods-SwiftyVIPER/Pods-SwiftyVIPER.release.xcconfig"; sourceTree = "<group>"; };
		3B33576844F0DD113E40D27E /* Pods_SwiftyVIPERTests.framework */ = {isa = PBXFileReference; explicitFileType = wrapper.framework; includeInIndex = 0; path = Pods_SwiftyVIPERTests.framework; sourceTree = BUILT_PRODUCTS_DIR; };
		6A266F4A1DCE2F35007E63CB /* LaunchScreen.storyboard */ = {isa = PBXFileReference; fileEncoding = 4; lastKnownFileType = file.storyboard; path = LaunchScreen.storyboard; sourceTree = "<group>"; };
		6A5DE8731DCE546800DA5157 /* RootProtocols.swift */ = {isa = PBXFileReference; lastKnownFileType = sourcecode.swift; name = RootProtocols.swift; path = Source/RootProtocols.swift; sourceTree = SOURCE_ROOT; };
		6A601C201DCD55E4001B034D /* SwiftyVIPERExample.app */ = {isa = PBXFileReference; explicitFileType = wrapper.application; includeInIndex = 0; path = SwiftyVIPERExample.app; sourceTree = BUILT_PRODUCTS_DIR; };
		6A601C231DCD55E4001B034D /* AppDelegate.swift */ = {isa = PBXFileReference; lastKnownFileType = sourcecode.swift; path = AppDelegate.swift; sourceTree = "<group>"; };
		6A601C2F1DCD55E4001B034D /* Info.plist */ = {isa = PBXFileReference; lastKnownFileType = text.plist.xml; path = Info.plist; sourceTree = "<group>"; };
		6A601C341DCD55E4001B034D /* SwiftyVIPERTests.xctest */ = {isa = PBXFileReference; explicitFileType = wrapper.cfbundle; includeInIndex = 0; path = SwiftyVIPERTests.xctest; sourceTree = BUILT_PRODUCTS_DIR; };
		6A601C381DCD55E4001B034D /* SwiftyVIPERTests.swift */ = {isa = PBXFileReference; lastKnownFileType = sourcecode.swift; path = SwiftyVIPERTests.swift; sourceTree = "<group>"; };
		6A601C3A1DCD55E4001B034D /* Info.plist */ = {isa = PBXFileReference; lastKnownFileType = text.plist.xml; path = Info.plist; sourceTree = "<group>"; };
		6A601C471DCD5882001B034D /* RootInteractor.swift */ = {isa = PBXFileReference; fileEncoding = 4; lastKnownFileType = sourcecode.swift; path = RootInteractor.swift; sourceTree = "<group>"; };
		6A601C481DCD5882001B034D /* RootModule.swift */ = {isa = PBXFileReference; fileEncoding = 4; lastKnownFileType = sourcecode.swift; path = RootModule.swift; sourceTree = "<group>"; };
		6A601C491DCD5882001B034D /* RootPresenter.swift */ = {isa = PBXFileReference; fileEncoding = 4; lastKnownFileType = sourcecode.swift; path = RootPresenter.swift; sourceTree = "<group>"; };
		6A601C4A1DCD5882001B034D /* RootRouter.swift */ = {isa = PBXFileReference; fileEncoding = 4; lastKnownFileType = sourcecode.swift; path = RootRouter.swift; sourceTree = "<group>"; };
		6A601C4B1DCD5882001B034D /* RootViewController.swift */ = {isa = PBXFileReference; fileEncoding = 4; lastKnownFileType = sourcecode.swift; path = RootViewController.swift; sourceTree = "<group>"; };
		6A88E7A81DCE2F590072A286 /* Assets.xcassets */ = {isa = PBXFileReference; lastKnownFileType = folder.assetcatalog; path = Assets.xcassets; sourceTree = "<group>"; };
		BA490B055067175AC6ADA892 /* Pods-SwiftyVIPERTests.release.xcconfig */ = {isa = PBXFileReference; includeInIndex = 1; lastKnownFileType = text.xcconfig; name = "Pods-SwiftyVIPERTests.release.xcconfig"; path = "Pods/Target Support Files/Pods-SwiftyVIPERTests/Pods-SwiftyVIPERTests.release.xcconfig"; sourceTree = "<group>"; };
		C2F22A5F900FC7604220E505 /* Pods-SwiftyVIPER.debug.xcconfig */ = {isa = PBXFileReference; includeInIndex = 1; lastKnownFileType = text.xcconfig; name = "Pods-SwiftyVIPER.debug.xcconfig"; path = "Pods/Target Support Files/Pods-SwiftyVIPER/Pods-SwiftyVIPER.debug.xcconfig"; sourceTree = "<group>"; };
		CAD0E8BFC12EB0CCE0D0430E /* Pods-SwiftyVIPERTests.debug.xcconfig */ = {isa = PBXFileReference; includeInIndex = 1; lastKnownFileType = text.xcconfig; name = "Pods-SwiftyVIPERTests.debug.xcconfig"; path = "Pods/Target Support Files/Pods-SwiftyVIPERTests/Pods-SwiftyVIPERTests.debug.xcconfig"; sourceTree = "<group>"; };
/* End PBXFileReference section */

/* Begin PBXFrameworksBuildPhase section */
		6A601C1D1DCD55E3001B034D /* Frameworks */ = {
			isa = PBXFrameworksBuildPhase;
			buildActionMask = 2147483647;
			files = (
				ED8EFA164A95A54E31C814BD /* Pods_SwiftyVIPER.framework in Frameworks */,
			);
			runOnlyForDeploymentPostprocessing = 0;
		};
		6A601C311DCD55E4001B034D /* Frameworks */ = {
			isa = PBXFrameworksBuildPhase;
			buildActionMask = 2147483647;
			files = (
				1043FB45837AC4CF2C264976 /* Pods_SwiftyVIPERTests.framework in Frameworks */,
			);
			runOnlyForDeploymentPostprocessing = 0;
		};
/* End PBXFrameworksBuildPhase section */

/* Begin PBXGroup section */
		27388BC5A5B35C48524B8934 /* Frameworks */ = {
			isa = PBXGroup;
			children = (
				01BDC6631701BCAF84D65120 /* Pods_SwiftyVIPER.framework */,
				3B33576844F0DD113E40D27E /* Pods_SwiftyVIPERTests.framework */,
			);
			name = Frameworks;
			sourceTree = "<group>";
		};
		6A5DE8721DCE544C00DA5157 /* Source */ = {
			isa = PBXGroup;
			children = (
				6A5DE8731DCE546800DA5157 /* RootProtocols.swift */,
			);
			name = Source;
			path = SwiftyVIPER;
			sourceTree = "<group>";
		};
		6A601C171DCD55E3001B034D = {
			isa = PBXGroup;
			children = (
				6A5DE8721DCE544C00DA5157 /* Source */,
				6A601C221DCD55E4001B034D /* SwiftyVIPER */,
				6A601C371DCD55E4001B034D /* SwiftyVIPERTests */,
				6A601C211DCD55E4001B034D /* Products */,
				8679F52648E07A3D094A202E /* Pods */,
				27388BC5A5B35C48524B8934 /* Frameworks */,
			);
			sourceTree = "<group>";
		};
		6A601C211DCD55E4001B034D /* Products */ = {
			isa = PBXGroup;
			children = (
				6A601C201DCD55E4001B034D /* SwiftyVIPERExample.app */,
				6A601C341DCD55E4001B034D /* SwiftyVIPERTests.xctest */,
			);
			name = Products;
			sourceTree = "<group>";
		};
		6A601C221DCD55E4001B034D /* SwiftyVIPER */ = {
			isa = PBXGroup;
			children = (
				6A601C231DCD55E4001B034D /* AppDelegate.swift */,
				6A601C451DCD5854001B034D /* Assets */,
				6A601C441DCD5849001B034D /* Modules */,
			);
			path = SwiftyVIPER;
			sourceTree = "<group>";
		};
		6A601C371DCD55E4001B034D /* SwiftyVIPERTests */ = {
			isa = PBXGroup;
			children = (
				6A601C381DCD55E4001B034D /* SwiftyVIPERTests.swift */,
				6A601C3A1DCD55E4001B034D /* Info.plist */,
			);
			path = SwiftyVIPERTests;
			sourceTree = "<group>";
		};
		6A601C441DCD5849001B034D /* Modules */ = {
			isa = PBXGroup;
			children = (
				6A601C461DCD5871001B034D /* Root */,
			);
			path = Modules;
			sourceTree = "<group>";
		};
		6A601C451DCD5854001B034D /* Assets */ = {
			isa = PBXGroup;
			children = (
				6A88E7A81DCE2F590072A286 /* Assets.xcassets */,
				6A266F4A1DCE2F35007E63CB /* LaunchScreen.storyboard */,
				6A601C2F1DCD55E4001B034D /* Info.plist */,
			);
			name = Assets;
			sourceTree = "<group>";
		};
		6A601C461DCD5871001B034D /* Root */ = {
			isa = PBXGroup;
			children = (
				6A601C471DCD5882001B034D /* RootInteractor.swift */,
				6A601C481DCD5882001B034D /* RootModule.swift */,
				6A601C491DCD5882001B034D /* RootPresenter.swift */,
				6A601C4A1DCD5882001B034D /* RootRouter.swift */,
				6A601C4B1DCD5882001B034D /* RootViewController.swift */,
			);
			name = Root;
			sourceTree = "<group>";
		};
		8679F52648E07A3D094A202E /* Pods */ = {
			isa = PBXGroup;
			children = (
				C2F22A5F900FC7604220E505 /* Pods-SwiftyVIPER.debug.xcconfig */,
				23B1F9898B4844B6948D1F55 /* Pods-SwiftyVIPER.release.xcconfig */,
				CAD0E8BFC12EB0CCE0D0430E /* Pods-SwiftyVIPERTests.debug.xcconfig */,
				BA490B055067175AC6ADA892 /* Pods-SwiftyVIPERTests.release.xcconfig */,
			);
			name = Pods;
			sourceTree = "<group>";
		};
/* End PBXGroup section */

/* Begin PBXNativeTarget section */
		6A601C1F1DCD55E3001B034D /* SwiftyVIPERExample */ = {
			isa = PBXNativeTarget;
			buildConfigurationList = 6A601C3D1DCD55E4001B034D /* Build configuration list for PBXNativeTarget "SwiftyVIPERExample" */;
			buildPhases = (
				728B0F9E5A5A231244E3986A /* [CP] Check Pods Manifest.lock */,
				6A601C1C1DCD55E3001B034D /* Sources */,
				6A601C1D1DCD55E3001B034D /* Frameworks */,
				6A601C1E1DCD55E3001B034D /* Resources */,
				93385EB3CB6C3C61272EBF6A /* [CP] Embed Pods Frameworks */,
				487848163F6628F117617A22 /* [CP] Copy Pods Resources */,
			);
			buildRules = (
			);
			dependencies = (
			);
			name = SwiftyVIPERExample;
			productName = SwiftVIPER;
			productReference = 6A601C201DCD55E4001B034D /* SwiftyVIPERExample.app */;
			productType = "com.apple.product-type.application";
		};
		6A601C331DCD55E4001B034D /* SwiftyVIPERTests */ = {
			isa = PBXNativeTarget;
			buildConfigurationList = 6A601C401DCD55E4001B034D /* Build configuration list for PBXNativeTarget "SwiftyVIPERTests" */;
			buildPhases = (
				472DF61D43C64D0BC973EB24 /* [CP] Check Pods Manifest.lock */,
				6A601C301DCD55E4001B034D /* Sources */,
				6A601C311DCD55E4001B034D /* Frameworks */,
				6A601C321DCD55E4001B034D /* Resources */,
				B13162C83D2ADE594E991C4C /* [CP] Embed Pods Frameworks */,
				1C855BFA8FF76A482E7B64A6 /* [CP] Copy Pods Resources */,
			);
			buildRules = (
			);
			dependencies = (
				6A601C361DCD55E4001B034D /* PBXTargetDependency */,
			);
			name = SwiftyVIPERTests;
			productName = SwiftVIPERTests;
			productReference = 6A601C341DCD55E4001B034D /* SwiftyVIPERTests.xctest */;
			productType = "com.apple.product-type.bundle.unit-test";
		};
/* End PBXNativeTarget section */

/* Begin PBXProject section */
		6A601C181DCD55E3001B034D /* Project object */ = {
			isa = PBXProject;
			attributes = {
				LastSwiftUpdateCheck = 0810;
				LastUpgradeCheck = 0810;
				ORGANIZATIONNAME = codeRed;
				TargetAttributes = {
					6A601C1F1DCD55E3001B034D = {
						CreatedOnToolsVersion = 8.1;
						DevelopmentTeam = FUC97LYJ62;
						ProvisioningStyle = Automatic;
					};
					6A601C331DCD55E4001B034D = {
						CreatedOnToolsVersion = 8.1;
						DevelopmentTeam = FUC97LYJ62;
						ProvisioningStyle = Automatic;
						TestTargetID = 6A601C1F1DCD55E3001B034D;
					};
				};
			};
			buildConfigurationList = 6A601C1B1DCD55E3001B034D /* Build configuration list for PBXProject "SwiftyVIPER" */;
			compatibilityVersion = "Xcode 3.2";
			developmentRegion = English;
			hasScannedForEncodings = 0;
			knownRegions = (
				en,
				Base,
			);
			mainGroup = 6A601C171DCD55E3001B034D;
			productRefGroup = 6A601C211DCD55E4001B034D /* Products */;
			projectDirPath = "";
			projectRoot = "";
			targets = (
				6A601C1F1DCD55E3001B034D /* SwiftyVIPERExample */,
				6A601C331DCD55E4001B034D /* SwiftyVIPERTests */,
			);
		};
/* End PBXProject section */

/* Begin PBXResourcesBuildPhase section */
		6A601C1E1DCD55E3001B034D /* Resources */ = {
			isa = PBXResourcesBuildPhase;
			buildActionMask = 2147483647;
			files = (
				6A88E7A91DCE2F590072A286 /* Assets.xcassets in Resources */,
				6A266F4B1DCE2F35007E63CB /* LaunchScreen.storyboard in Resources */,
			);
			runOnlyForDeploymentPostprocessing = 0;
		};
		6A601C321DCD55E4001B034D /* Resources */ = {
			isa = PBXResourcesBuildPhase;
			buildActionMask = 2147483647;
			files = (
			);
			runOnlyForDeploymentPostprocessing = 0;
		};
/* End PBXResourcesBuildPhase section */

/* Begin PBXShellScriptBuildPhase section */
		1C855BFA8FF76A482E7B64A6 /* [CP] Copy Pods Resources */ = {
			isa = PBXShellScriptBuildPhase;
			buildActionMask = 2147483647;
			files = (
			);
			inputPaths = (
			);
			name = "[CP] Copy Pods Resources";
			outputPaths = (
			);
			runOnlyForDeploymentPostprocessing = 0;
			shellPath = /bin/sh;
			shellScript = "\"${SRCROOT}/Pods/Target Support Files/Pods-SwiftyVIPERTests/Pods-SwiftyVIPERTests-resources.sh\"\n";
			showEnvVarsInLog = 0;
		};
		472DF61D43C64D0BC973EB24 /* [CP] Check Pods Manifest.lock */ = {
			isa = PBXShellScriptBuildPhase;
			buildActionMask = 2147483647;
			files = (
			);
			inputPaths = (
			);
			name = "[CP] Check Pods Manifest.lock";
			outputPaths = (
			);
			runOnlyForDeploymentPostprocessing = 0;
			shellPath = /bin/sh;
			shellScript = "diff \"${PODS_ROOT}/../Podfile.lock\" \"${PODS_ROOT}/Manifest.lock\" > /dev/null\nif [ $? != 0 ] ; then\n    # print error to STDERR\n    echo \"error: The sandbox is not in sync with the Podfile.lock. Run 'pod install' or update your CocoaPods installation.\" >&2\n    exit 1\nfi\n";
			showEnvVarsInLog = 0;
		};
		487848163F6628F117617A22 /* [CP] Copy Pods Resources */ = {
			isa = PBXShellScriptBuildPhase;
			buildActionMask = 2147483647;
			files = (
			);
			inputPaths = (
			);
			name = "[CP] Copy Pods Resources";
			outputPaths = (
			);
			runOnlyForDeploymentPostprocessing = 0;
			shellPath = /bin/sh;
			shellScript = "\"${SRCROOT}/Pods/Target Support Files/Pods-SwiftyVIPER/Pods-SwiftyVIPER-resources.sh\"\n";
			showEnvVarsInLog = 0;
		};
		728B0F9E5A5A231244E3986A /* [CP] Check Pods Manifest.lock */ = {
			isa = PBXShellScriptBuildPhase;
			buildActionMask = 2147483647;
			files = (
			);
			inputPaths = (
			);
			name = "[CP] Check Pods Manifest.lock";
			outputPaths = (
			);
			runOnlyForDeploymentPostprocessing = 0;
			shellPath = /bin/sh;
			shellScript = "diff \"${PODS_ROOT}/../Podfile.lock\" \"${PODS_ROOT}/Manifest.lock\" > /dev/null\nif [ $? != 0 ] ; then\n    # print error to STDERR\n    echo \"error: The sandbox is not in sync with the Podfile.lock. Run 'pod install' or update your CocoaPods installation.\" >&2\n    exit 1\nfi\n";
			showEnvVarsInLog = 0;
		};
		93385EB3CB6C3C61272EBF6A /* [CP] Embed Pods Frameworks */ = {
			isa = PBXShellScriptBuildPhase;
			buildActionMask = 2147483647;
			files = (
			);
			inputPaths = (
			);
			name = "[CP] Embed Pods Frameworks";
			outputPaths = (
			);
			runOnlyForDeploymentPostprocessing = 0;
			shellPath = /bin/sh;
			shellScript = "\"${SRCROOT}/Pods/Target Support Files/Pods-SwiftyVIPER/Pods-SwiftyVIPER-frameworks.sh\"\n";
			showEnvVarsInLog = 0;
		};
		B13162C83D2ADE594E991C4C /* [CP] Embed Pods Frameworks */ = {
			isa = PBXShellScriptBuildPhase;
			buildActionMask = 2147483647;
			files = (
			);
			inputPaths = (
			);
			name = "[CP] Embed Pods Frameworks";
			outputPaths = (
			);
			runOnlyForDeploymentPostprocessing = 0;
			shellPath = /bin/sh;
			shellScript = "\"${SRCROOT}/Pods/Target Support Files/Pods-SwiftyVIPERTests/Pods-SwiftyVIPERTests-frameworks.sh\"\n";
			showEnvVarsInLog = 0;
		};
/* End PBXShellScriptBuildPhase section */

/* Begin PBXSourcesBuildPhase section */
		6A601C1C1DCD55E3001B034D /* Sources */ = {
			isa = PBXSourcesBuildPhase;
			buildActionMask = 2147483647;
			files = (
				6A601C4E1DCD5882001B034D /* RootPresenter.swift in Sources */,
				6A601C4C1DCD5882001B034D /* RootInteractor.swift in Sources */,
				6A601C4D1DCD5882001B034D /* RootModule.swift in Sources */,
				6A601C501DCD5882001B034D /* RootViewController.swift in Sources */,
				6A601C4F1DCD5882001B034D /* RootRouter.swift in Sources */,
				6A601C241DCD55E4001B034D /* AppDelegate.swift in Sources */,
			);
			runOnlyForDeploymentPostprocessing = 0;
		};
		6A601C301DCD55E4001B034D /* Sources */ = {
			isa = PBXSourcesBuildPhase;
			buildActionMask = 2147483647;
			files = (
				6A601C391DCD55E4001B034D /* SwiftyVIPERTests.swift in Sources */,
			);
			runOnlyForDeploymentPostprocessing = 0;
		};
/* End PBXSourcesBuildPhase section */

/* Begin PBXTargetDependency section */
		6A601C361DCD55E4001B034D /* PBXTargetDependency */ = {
			isa = PBXTargetDependency;
			target = 6A601C1F1DCD55E3001B034D /* SwiftyVIPERExample */;
			targetProxy = 6A601C351DCD55E4001B034D /* PBXContainerItemProxy */;
		};
/* End PBXTargetDependency section */

/* Begin XCBuildConfiguration section */
		6A601C3B1DCD55E4001B034D /* Debug */ = {
			isa = XCBuildConfiguration;
			buildSettings = {
				ALWAYS_SEARCH_USER_PATHS = NO;
				CLANG_ANALYZER_NONNULL = YES;
				CLANG_CXX_LANGUAGE_STANDARD = "gnu++0x";
				CLANG_CXX_LIBRARY = "libc++";
				CLANG_ENABLE_MODULES = YES;
				CLANG_ENABLE_OBJC_ARC = YES;
				CLANG_WARN_BOOL_CONVERSION = YES;
				CLANG_WARN_CONSTANT_CONVERSION = YES;
				CLANG_WARN_DIRECT_OBJC_ISA_USAGE = YES_ERROR;
				CLANG_WARN_DOCUMENTATION_COMMENTS = YES;
				CLANG_WARN_EMPTY_BODY = YES;
				CLANG_WARN_ENUM_CONVERSION = YES;
				CLANG_WARN_INFINITE_RECURSION = YES;
				CLANG_WARN_INT_CONVERSION = YES;
				CLANG_WARN_OBJC_ROOT_CLASS = YES_ERROR;
				CLANG_WARN_SUSPICIOUS_MOVE = YES;
				CLANG_WARN_SUSPICIOUS_MOVES = YES;
				CLANG_WARN_UNREACHABLE_CODE = YES;
				CLANG_WARN__DUPLICATE_METHOD_MATCH = YES;
				"CODE_SIGN_IDENTITY[sdk=iphoneos*]" = "iPhone Developer";
				COPY_PHASE_STRIP = NO;
				DEBUG_INFORMATION_FORMAT = dwarf;
				ENABLE_STRICT_OBJC_MSGSEND = YES;
				ENABLE_TESTABILITY = YES;
				GCC_C_LANGUAGE_STANDARD = gnu99;
				GCC_DYNAMIC_NO_PIC = NO;
				GCC_NO_COMMON_BLOCKS = YES;
				GCC_OPTIMIZATION_LEVEL = 0;
				GCC_PREPROCESSOR_DEFINITIONS = (
					"DEBUG=1",
					"$(inherited)",
				);
				GCC_WARN_64_TO_32_BIT_CONVERSION = YES;
				GCC_WARN_ABOUT_RETURN_TYPE = YES_ERROR;
				GCC_WARN_UNDECLARED_SELECTOR = YES;
				GCC_WARN_UNINITIALIZED_AUTOS = YES_AGGRESSIVE;
				GCC_WARN_UNUSED_FUNCTION = YES;
				GCC_WARN_UNUSED_VARIABLE = YES;
				IPHONEOS_DEPLOYMENT_TARGET = 8.4;
				MTL_ENABLE_DEBUG_INFO = YES;
				ONLY_ACTIVE_ARCH = YES;
				SDKROOT = iphoneos;
				SWIFT_ACTIVE_COMPILATION_CONDITIONS = DEBUG;
				SWIFT_OPTIMIZATION_LEVEL = "-Onone";
			};
			name = Debug;
		};
		6A601C3C1DCD55E4001B034D /* Release */ = {
			isa = XCBuildConfiguration;
			buildSettings = {
				ALWAYS_SEARCH_USER_PATHS = NO;
				CLANG_ANALYZER_NONNULL = YES;
				CLANG_CXX_LANGUAGE_STANDARD = "gnu++0x";
				CLANG_CXX_LIBRARY = "libc++";
				CLANG_ENABLE_MODULES = YES;
				CLANG_ENABLE_OBJC_ARC = YES;
				CLANG_WARN_BOOL_CONVERSION = YES;
				CLANG_WARN_CONSTANT_CONVERSION = YES;
				CLANG_WARN_DIRECT_OBJC_ISA_USAGE = YES_ERROR;
				CLANG_WARN_DOCUMENTATION_COMMENTS = YES;
				CLANG_WARN_EMPTY_BODY = YES;
				CLANG_WARN_ENUM_CONVERSION = YES;
				CLANG_WARN_INFINITE_RECURSION = YES;
				CLANG_WARN_INT_CONVERSION = YES;
				CLANG_WARN_OBJC_ROOT_CLASS = YES_ERROR;
				CLANG_WARN_SUSPICIOUS_MOVE = YES;
				CLANG_WARN_SUSPICIOUS_MOVES = YES;
				CLANG_WARN_UNREACHABLE_CODE = YES;
				CLANG_WARN__DUPLICATE_METHOD_MATCH = YES;
				"CODE_SIGN_IDENTITY[sdk=iphoneos*]" = "iPhone Developer";
				COPY_PHASE_STRIP = NO;
				DEBUG_INFORMATION_FORMAT = "dwarf-with-dsym";
				ENABLE_NS_ASSERTIONS = NO;
				ENABLE_STRICT_OBJC_MSGSEND = YES;
				GCC_C_LANGUAGE_STANDARD = gnu99;
				GCC_NO_COMMON_BLOCKS = YES;
				GCC_WARN_64_TO_32_BIT_CONVERSION = YES;
				GCC_WARN_ABOUT_RETURN_TYPE = YES_ERROR;
				GCC_WARN_UNDECLARED_SELECTOR = YES;
				GCC_WARN_UNINITIALIZED_AUTOS = YES_AGGRESSIVE;
				GCC_WARN_UNUSED_FUNCTION = YES;
				GCC_WARN_UNUSED_VARIABLE = YES;
				IPHONEOS_DEPLOYMENT_TARGET = 8.4;
				MTL_ENABLE_DEBUG_INFO = NO;
				SDKROOT = iphoneos;
				SWIFT_OPTIMIZATION_LEVEL = "-Owholemodule";
				VALIDATE_PRODUCT = YES;
			};
			name = Release;
		};
		6A601C3E1DCD55E4001B034D /* Debug */ = {
			isa = XCBuildConfiguration;
			baseConfigurationReference = C2F22A5F900FC7604220E505 /* Pods-SwiftyVIPER.debug.xcconfig */;
			buildSettings = {
				ALWAYS_EMBED_SWIFT_STANDARD_LIBRARIES = YES;
				ASSETCATALOG_COMPILER_APPICON_NAME = AppIcon;
				DEVELOPMENT_TEAM = FUC97LYJ62;
				INFOPLIST_FILE = SwiftyVIPER/Info.plist;
				LD_RUNPATH_SEARCH_PATHS = "$(inherited) @executable_path/Frameworks";
				PRODUCT_BUNDLE_IDENTIFIER = com.codeRed.SwiftyVIPER;
				PRODUCT_NAME = "$(TARGET_NAME)";
				SWIFT_VERSION = 3.0;
			};
			name = Debug;
		};
		6A601C3F1DCD55E4001B034D /* Release */ = {
			isa = XCBuildConfiguration;
			baseConfigurationReference = 23B1F9898B4844B6948D1F55 /* Pods-SwiftyVIPER.release.xcconfig */;
			buildSettings = {
				ALWAYS_EMBED_SWIFT_STANDARD_LIBRARIES = YES;
				ASSETCATALOG_COMPILER_APPICON_NAME = AppIcon;
				DEVELOPMENT_TEAM = FUC97LYJ62;
				INFOPLIST_FILE = SwiftyVIPER/Info.plist;
				LD_RUNPATH_SEARCH_PATHS = "$(inherited) @executable_path/Frameworks";
				PRODUCT_BUNDLE_IDENTIFIER = com.codeRed.SwiftyVIPER;
				PRODUCT_NAME = "$(TARGET_NAME)";
				SWIFT_VERSION = 3.0;
			};
			name = Release;
		};
		6A601C411DCD55E4001B034D /* Debug */ = {
			isa = XCBuildConfiguration;
			baseConfigurationReference = CAD0E8BFC12EB0CCE0D0430E /* Pods-SwiftyVIPERTests.debug.xcconfig */;
			buildSettings = {
				ALWAYS_EMBED_SWIFT_STANDARD_LIBRARIES = YES;
				BUNDLE_LOADER = "$(TEST_HOST)";
				DEVELOPMENT_TEAM = FUC97LYJ62;
				INFOPLIST_FILE = SwiftyVIPERTests/Info.plist;
				LD_RUNPATH_SEARCH_PATHS = "$(inherited) @executable_path/Frameworks @loader_path/Frameworks";
				PRODUCT_BUNDLE_IDENTIFIER = com.codeRed.SwiftyVIPERTests;
				PRODUCT_NAME = "$(TARGET_NAME)";
				SWIFT_VERSION = 3.0;
				TEST_HOST = "$(BUILT_PRODUCTS_DIR)/SwiftyVIPER.app/SwiftyVIPER";
			};
			name = Debug;
		};
		6A601C421DCD55E4001B034D /* Release */ = {
			isa = XCBuildConfiguration;
			baseConfigurationReference = BA490B055067175AC6ADA892 /* Pods-SwiftyVIPERTests.release.xcconfig */;
			buildSettings = {
				ALWAYS_EMBED_SWIFT_STANDARD_LIBRARIES = YES;
				BUNDLE_LOADER = "$(TEST_HOST)";
				DEVELOPMENT_TEAM = FUC97LYJ62;
				INFOPLIST_FILE = SwiftyVIPERTests/Info.plist;
				LD_RUNPATH_SEARCH_PATHS = "$(inherited) @executable_path/Frameworks @loader_path/Frameworks";
				PRODUCT_BUNDLE_IDENTIFIER = com.codeRed.SwiftyVIPERTests;
				PRODUCT_NAME = "$(TARGET_NAME)";
				SWIFT_VERSION = 3.0;
				TEST_HOST = "$(BUILT_PRODUCTS_DIR)/SwiftyVIPER.app/SwiftyVIPER";
			};
			name = Release;
		};
/* End XCBuildConfiguration section */

/* Begin XCConfigurationList section */
		6A601C1B1DCD55E3001B034D /* Build configuration list for PBXProject "SwiftyVIPER" */ = {
			isa = XCConfigurationList;
			buildConfigurations = (
				6A601C3B1DCD55E4001B034D /* Debug */,
				6A601C3C1DCD55E4001B034D /* Release */,
			);
			defaultConfigurationIsVisible = 0;
			defaultConfigurationName = Release;
		};
		6A601C3D1DCD55E4001B034D /* Build configuration list for PBXNativeTarget "SwiftyVIPERExample" */ = {
			isa = XCConfigurationList;
			buildConfigurations = (
				6A601C3E1DCD55E4001B034D /* Debug */,
				6A601C3F1DCD55E4001B034D /* Release */,
			);
			defaultConfigurationIsVisible = 0;
			defaultConfigurationName = Release;
		};
		6A601C401DCD55E4001B034D /* Build configuration list for PBXNativeTarget "SwiftyVIPERTests" */ = {
			isa = XCConfigurationList;
			buildConfigurations = (
				6A601C411DCD55E4001B034D /* Debug */,
				6A601C421DCD55E4001B034D /* Release */,
			);
			defaultConfigurationIsVisible = 0;
			defaultConfigurationName = Release;
		};
/* End XCConfigurationList section */
	};
	rootObject = 6A601C181DCD55E3001B034D /* Project object */;
}
